// !$*UTF8*$!
{
	archiveVersion = 1;
	classes = {
	};
	objectVersion = 48;
	objects = {

/* Begin PBXBuildFile section */
		AE1BF3332028AEA400344FB0 /* PrivateKey.swift in Sources */ = {isa = PBXBuildFile; fileRef = AE1BF3322028AEA400344FB0 /* PrivateKey.swift */; };
		AE1BF3352028B17B00344FB0 /* PublicKey.swift in Sources */ = {isa = PBXBuildFile; fileRef = AE1BF3342028B17B00344FB0 /* PublicKey.swift */; };
		AE1BF3372028B5B000344FB0 /* Crypto.swift in Sources */ = {isa = PBXBuildFile; fileRef = AE1BF3362028B5B000344FB0 /* Crypto.swift */; };
		AE299DFE2018A63F002769F9 /* SMP.swift in Sources */ = {isa = PBXBuildFile; fileRef = AE299DFD2018A63E002769F9 /* SMP.swift */; };
		AE6639F12027470C0055B143 /* RIPEMD160.swift in Sources */ = {isa = PBXBuildFile; fileRef = AE6639F02027470C0055B143 /* RIPEMD160.swift */; };
		AE717288202B67A200516D63 /* CryptoSwift.framework in Frameworks */ = {isa = PBXBuildFile; fileRef = AEBA90E81FFA2722003EA2BA /* CryptoSwift.framework */; };
		AE7172A1202CAA0100516D63 /* DataConvertable.swift in Sources */ = {isa = PBXBuildFile; fileRef = AE7172A0202CAA0100516D63 /* DataConvertable.swift */; };
		AE82919F2018ADAF0047E0F0 /* Network.swift in Sources */ = {isa = PBXBuildFile; fileRef = AE8291972018ADAE0047E0F0 /* Network.swift */; };
		AE8291A02018ADAF0047E0F0 /* Wallet.swift in Sources */ = {isa = PBXBuildFile; fileRef = AE8291982018ADAE0047E0F0 /* Wallet.swift */; };
		AE8291A42018ADAF0047E0F0 /* Mnemonic.swift in Sources */ = {isa = PBXBuildFile; fileRef = AE82919C2018ADAF0047E0F0 /* Mnemonic.swift */; };
		AE8291A62018ADAF0047E0F0 /* WordList.swift in Sources */ = {isa = PBXBuildFile; fileRef = AE82919E2018ADAF0047E0F0 /* WordList.swift */; };
		AE8291AA2018C1F10047E0F0 /* BigInt+Extension.swift in Sources */ = {isa = PBXBuildFile; fileRef = AE8291A92018C1F10047E0F0 /* BigInt+Extension.swift */; };
		AE90A0781FFA698D005ED7AF /* EthereumKitTests.swift in Sources */ = {isa = PBXBuildFile; fileRef = AE90A0771FFA698D005ED7AF /* EthereumKitTests.swift */; };
		AE90A07A1FFA698D005ED7AF /* EthereumKit.framework in Frameworks */ = {isa = PBXBuildFile; fileRef = AEBA90D51FFA21ED003EA2BA /* EthereumKit.framework */; };
		AEBA90DA1FFA21ED003EA2BA /* WalletKit.h in Headers */ = {isa = PBXBuildFile; fileRef = AEBA90D81FFA21ED003EA2BA /* WalletKit.h */; settings = {ATTRIBUTES = (Public, ); }; };
		AEBA90E91FFA2722003EA2BA /* CryptoSwift.framework in Frameworks */ = {isa = PBXBuildFile; fileRef = AEBA90E81FFA2722003EA2BA /* CryptoSwift.framework */; };
		AEBA90F31FFA2C6A003EA2BA /* AppDelegate.swift in Sources */ = {isa = PBXBuildFile; fileRef = AEBA90F21FFA2C6A003EA2BA /* AppDelegate.swift */; };
		AEBA90F51FFA2C6A003EA2BA /* ViewController.swift in Sources */ = {isa = PBXBuildFile; fileRef = AEBA90F41FFA2C6A003EA2BA /* ViewController.swift */; };
		AEBA90F81FFA2C6A003EA2BA /* Main.storyboard in Resources */ = {isa = PBXBuildFile; fileRef = AEBA90F61FFA2C6A003EA2BA /* Main.storyboard */; };
		AEBA90FA1FFA2C6A003EA2BA /* Assets.xcassets in Resources */ = {isa = PBXBuildFile; fileRef = AEBA90F91FFA2C6A003EA2BA /* Assets.xcassets */; };
		AEBA90FD1FFA2C6A003EA2BA /* LaunchScreen.storyboard in Resources */ = {isa = PBXBuildFile; fileRef = AEBA90FB1FFA2C6A003EA2BA /* LaunchScreen.storyboard */; };
		AEBA91021FFA2C74003EA2BA /* CryptoSwift.framework in Frameworks */ = {isa = PBXBuildFile; fileRef = AEBA90E81FFA2722003EA2BA /* CryptoSwift.framework */; };
		AEBA91031FFA2C74003EA2BA /* CryptoSwift.framework in Embed Frameworks */ = {isa = PBXBuildFile; fileRef = AEBA90E81FFA2722003EA2BA /* CryptoSwift.framework */; settings = {ATTRIBUTES = (CodeSignOnCopy, RemoveHeadersOnCopy, ); }; };
		AEBA91041FFA2C74003EA2BA /* EthereumKit.framework in Frameworks */ = {isa = PBXBuildFile; fileRef = AEBA90D51FFA21ED003EA2BA /* EthereumKit.framework */; };
		AEBA91051FFA2C74003EA2BA /* EthereumKit.framework in Embed Frameworks */ = {isa = PBXBuildFile; fileRef = AEBA90D51FFA21ED003EA2BA /* EthereumKit.framework */; settings = {ATTRIBUTES = (CodeSignOnCopy, RemoveHeadersOnCopy, ); }; };
		AED02D9F2019B7E100B76CEC /* ECDSA.h in Headers */ = {isa = PBXBuildFile; fileRef = AED02D9D2019B7E100B76CEC /* ECDSA.h */; settings = {ATTRIBUTES = (Public, ); }; };
		AED02DA22019B7E100B76CEC /* ECDSA.framework in Frameworks */ = {isa = PBXBuildFile; fileRef = AED02D9B2019B7E100B76CEC /* ECDSA.framework */; };
		AED02DA32019B7E100B76CEC /* ECDSA.framework in Embed Frameworks */ = {isa = PBXBuildFile; fileRef = AED02D9B2019B7E100B76CEC /* ECDSA.framework */; settings = {ATTRIBUTES = (CodeSignOnCopy, RemoveHeadersOnCopy, ); }; };
		AED02DAE2019B83100B76CEC /* NSData+HexString.m in Sources */ = {isa = PBXBuildFile; fileRef = AED02DA72019B83000B76CEC /* NSData+HexString.m */; };
		AED02DAF2019B83100B76CEC /* NSData+HexString.h in Headers */ = {isa = PBXBuildFile; fileRef = AED02DA82019B83000B76CEC /* NSData+HexString.h */; };
		AED02DB12019B83100B76CEC /* secp256k1.m in Sources */ = {isa = PBXBuildFile; fileRef = AED02DAC2019B83100B76CEC /* secp256k1.m */; };
		AED02DB62019B90A00B76CEC /* secp256k1.h in Headers */ = {isa = PBXBuildFile; fileRef = AED02DB52019B90A00B76CEC /* secp256k1.h */; };
		AED560762019B9A30060A676 /* ECDSA.framework in Frameworks */ = {isa = PBXBuildFile; fileRef = AED02D9B2019B7E100B76CEC /* ECDSA.framework */; };
		AED5607C2019C8540060A676 /* secp256k1.framework in Frameworks */ = {isa = PBXBuildFile; fileRef = AED5607B2019C8540060A676 /* secp256k1.framework */; };
		AED560822019CC4F0060A676 /* ECDSA.swift in Sources */ = {isa = PBXBuildFile; fileRef = AED560812019CC4F0060A676 /* ECDSA.swift */; };
/* End PBXBuildFile section */

/* Begin PBXContainerItemProxy section */
		AE90A07B1FFA698D005ED7AF /* PBXContainerItemProxy */ = {
			isa = PBXContainerItemProxy;
			containerPortal = AEBA90CC1FFA21ED003EA2BA /* Project object */;
			proxyType = 1;
			remoteGlobalIDString = AEBA90D41FFA21ED003EA2BA;
			remoteInfo = WalletKit;
		};
		AE90A0801FFA69D1005ED7AF /* PBXContainerItemProxy */ = {
			isa = PBXContainerItemProxy;
			containerPortal = AEBA90CC1FFA21ED003EA2BA /* Project object */;
			proxyType = 1;
			remoteGlobalIDString = AEBA90EF1FFA2C6A003EA2BA;
			remoteInfo = Example;
		};
		AEBA91061FFA2C74003EA2BA /* PBXContainerItemProxy */ = {
			isa = PBXContainerItemProxy;
			containerPortal = AEBA90CC1FFA21ED003EA2BA /* Project object */;
			proxyType = 1;
			remoteGlobalIDString = AEBA90D41FFA21ED003EA2BA;
			remoteInfo = WalletKit;
		};
		AED02DA02019B7E100B76CEC /* PBXContainerItemProxy */ = {
			isa = PBXContainerItemProxy;
			containerPortal = AEBA90CC1FFA21ED003EA2BA /* Project object */;
			proxyType = 1;
			remoteGlobalIDString = AED02D9A2019B7E100B76CEC;
			remoteInfo = ECDSA;
		};
/* End PBXContainerItemProxy section */

/* Begin PBXCopyFilesBuildPhase section */
		AEBA91081FFA2C74003EA2BA /* Embed Frameworks */ = {
			isa = PBXCopyFilesBuildPhase;
			buildActionMask = 2147483647;
			dstPath = "";
			dstSubfolderSpec = 10;
			files = (
				AEBA91051FFA2C74003EA2BA /* EthereumKit.framework in Embed Frameworks */,
				AED02DA32019B7E100B76CEC /* ECDSA.framework in Embed Frameworks */,
				AEBA91031FFA2C74003EA2BA /* CryptoSwift.framework in Embed Frameworks */,
			);
			name = "Embed Frameworks";
			runOnlyForDeploymentPostprocessing = 0;
		};
/* End PBXCopyFilesBuildPhase section */

/* Begin PBXFileReference section */
		AE1BF3322028AEA400344FB0 /* PrivateKey.swift */ = {isa = PBXFileReference; lastKnownFileType = sourcecode.swift; path = PrivateKey.swift; sourceTree = "<group>"; };
		AE1BF3342028B17B00344FB0 /* PublicKey.swift */ = {isa = PBXFileReference; lastKnownFileType = sourcecode.swift; path = PublicKey.swift; sourceTree = "<group>"; };
		AE1BF3362028B5B000344FB0 /* Crypto.swift */ = {isa = PBXFileReference; lastKnownFileType = sourcecode.swift; path = Crypto.swift; sourceTree = "<group>"; };
		AE299DFD2018A63E002769F9 /* SMP.swift */ = {isa = PBXFileReference; fileEncoding = 4; lastKnownFileType = sourcecode.swift; path = SMP.swift; sourceTree = "<group>"; };
		AE6639F02027470C0055B143 /* RIPEMD160.swift */ = {isa = PBXFileReference; lastKnownFileType = sourcecode.swift; path = RIPEMD160.swift; sourceTree = "<group>"; };
		AE7172A0202CAA0100516D63 /* DataConvertable.swift */ = {isa = PBXFileReference; lastKnownFileType = sourcecode.swift; path = DataConvertable.swift; sourceTree = "<group>"; };
		AE8291972018ADAE0047E0F0 /* Network.swift */ = {isa = PBXFileReference; fileEncoding = 4; lastKnownFileType = sourcecode.swift; path = Network.swift; sourceTree = "<group>"; };
		AE8291982018ADAE0047E0F0 /* Wallet.swift */ = {isa = PBXFileReference; fileEncoding = 4; lastKnownFileType = sourcecode.swift; path = Wallet.swift; sourceTree = "<group>"; };
		AE82919C2018ADAF0047E0F0 /* Mnemonic.swift */ = {isa = PBXFileReference; fileEncoding = 4; lastKnownFileType = sourcecode.swift; path = Mnemonic.swift; sourceTree = "<group>"; };
		AE82919E2018ADAF0047E0F0 /* WordList.swift */ = {isa = PBXFileReference; fileEncoding = 4; lastKnownFileType = sourcecode.swift; path = WordList.swift; sourceTree = "<group>"; };
		AE8291A92018C1F10047E0F0 /* BigInt+Extension.swift */ = {isa = PBXFileReference; lastKnownFileType = sourcecode.swift; path = "BigInt+Extension.swift"; sourceTree = "<group>"; };
		AE90A0751FFA698D005ED7AF /* EthereumKitTests.xctest */ = {isa = PBXFileReference; explicitFileType = wrapper.cfbundle; includeInIndex = 0; path = EthereumKitTests.xctest; sourceTree = BUILT_PRODUCTS_DIR; };
		AE90A0771FFA698D005ED7AF /* EthereumKitTests.swift */ = {isa = PBXFileReference; lastKnownFileType = sourcecode.swift; path = EthereumKitTests.swift; sourceTree = "<group>"; };
		AE90A0791FFA698D005ED7AF /* Info.plist */ = {isa = PBXFileReference; lastKnownFileType = text.plist.xml; path = Info.plist; sourceTree = "<group>"; };
		AEBA90D51FFA21ED003EA2BA /* EthereumKit.framework */ = {isa = PBXFileReference; explicitFileType = wrapper.framework; includeInIndex = 0; path = EthereumKit.framework; sourceTree = BUILT_PRODUCTS_DIR; };
		AEBA90D81FFA21ED003EA2BA /* WalletKit.h */ = {isa = PBXFileReference; lastKnownFileType = sourcecode.c.h; path = WalletKit.h; sourceTree = "<group>"; };
		AEBA90D91FFA21ED003EA2BA /* Info.plist */ = {isa = PBXFileReference; lastKnownFileType = text.plist.xml; path = Info.plist; sourceTree = "<group>"; };
		AEBA90E81FFA2722003EA2BA /* CryptoSwift.framework */ = {isa = PBXFileReference; lastKnownFileType = wrapper.framework; name = CryptoSwift.framework; path = Carthage/Build/iOS/CryptoSwift.framework; sourceTree = "<group>"; };
		AEBA90F01FFA2C6A003EA2BA /* Example.app */ = {isa = PBXFileReference; explicitFileType = wrapper.application; includeInIndex = 0; path = Example.app; sourceTree = BUILT_PRODUCTS_DIR; };
		AEBA90F21FFA2C6A003EA2BA /* AppDelegate.swift */ = {isa = PBXFileReference; lastKnownFileType = sourcecode.swift; path = AppDelegate.swift; sourceTree = "<group>"; };
		AEBA90F41FFA2C6A003EA2BA /* ViewController.swift */ = {isa = PBXFileReference; lastKnownFileType = sourcecode.swift; path = ViewController.swift; sourceTree = "<group>"; };
		AEBA90F71FFA2C6A003EA2BA /* Base */ = {isa = PBXFileReference; lastKnownFileType = file.storyboard; name = Base; path = Base.lproj/Main.storyboard; sourceTree = "<group>"; };
		AEBA90F91FFA2C6A003EA2BA /* Assets.xcassets */ = {isa = PBXFileReference; lastKnownFileType = folder.assetcatalog; path = Assets.xcassets; sourceTree = "<group>"; };
		AEBA90FC1FFA2C6A003EA2BA /* Base */ = {isa = PBXFileReference; lastKnownFileType = file.storyboard; name = Base; path = Base.lproj/LaunchScreen.storyboard; sourceTree = "<group>"; };
		AEBA90FE1FFA2C6A003EA2BA /* Info.plist */ = {isa = PBXFileReference; lastKnownFileType = text.plist.xml; path = Info.plist; sourceTree = "<group>"; };
		AED02D9B2019B7E100B76CEC /* ECDSA.framework */ = {isa = PBXFileReference; explicitFileType = wrapper.framework; includeInIndex = 0; path = ECDSA.framework; sourceTree = BUILT_PRODUCTS_DIR; };
		AED02D9D2019B7E100B76CEC /* ECDSA.h */ = {isa = PBXFileReference; lastKnownFileType = sourcecode.c.h; path = ECDSA.h; sourceTree = "<group>"; };
		AED02D9E2019B7E100B76CEC /* Info.plist */ = {isa = PBXFileReference; lastKnownFileType = text.plist.xml; path = Info.plist; sourceTree = "<group>"; };
		AED02DA72019B83000B76CEC /* NSData+HexString.m */ = {isa = PBXFileReference; fileEncoding = 4; lastKnownFileType = sourcecode.c.objc; path = "NSData+HexString.m"; sourceTree = "<group>"; };
		AED02DA82019B83000B76CEC /* NSData+HexString.h */ = {isa = PBXFileReference; fileEncoding = 4; lastKnownFileType = sourcecode.c.h; path = "NSData+HexString.h"; sourceTree = "<group>"; };
		AED02DAC2019B83100B76CEC /* secp256k1.m */ = {isa = PBXFileReference; fileEncoding = 4; lastKnownFileType = sourcecode.c.objc; path = secp256k1.m; sourceTree = "<group>"; };
		AED02DB52019B90A00B76CEC /* secp256k1.h */ = {isa = PBXFileReference; fileEncoding = 4; lastKnownFileType = sourcecode.c.h; path = secp256k1.h; sourceTree = "<group>"; };
		AED560792019C7F20060A676 /* module.modulemap */ = {isa = PBXFileReference; lastKnownFileType = "sourcecode.module-map"; path = module.modulemap; sourceTree = "<group>"; };
		AED5607B2019C8540060A676 /* secp256k1.framework */ = {isa = PBXFileReference; lastKnownFileType = wrapper.framework; path = secp256k1.framework; sourceTree = "<group>"; };
		AED560812019CC4F0060A676 /* ECDSA.swift */ = {isa = PBXFileReference; lastKnownFileType = sourcecode.swift; path = ECDSA.swift; sourceTree = "<group>"; };
/* End PBXFileReference section */

/* Begin PBXFrameworksBuildPhase section */
		AE90A0721FFA698D005ED7AF /* Frameworks */ = {
			isa = PBXFrameworksBuildPhase;
			buildActionMask = 2147483647;
			files = (
				AE90A07A1FFA698D005ED7AF /* EthereumKit.framework in Frameworks */,
				AE717288202B67A200516D63 /* CryptoSwift.framework in Frameworks */,
			);
			runOnlyForDeploymentPostprocessing = 0;
		};
		AEBA90D11FFA21ED003EA2BA /* Frameworks */ = {
			isa = PBXFrameworksBuildPhase;
			buildActionMask = 2147483647;
			files = (
				AED560762019B9A30060A676 /* ECDSA.framework in Frameworks */,
				AEBA90E91FFA2722003EA2BA /* CryptoSwift.framework in Frameworks */,
			);
			runOnlyForDeploymentPostprocessing = 0;
		};
		AEBA90ED1FFA2C6A003EA2BA /* Frameworks */ = {
			isa = PBXFrameworksBuildPhase;
			buildActionMask = 2147483647;
			files = (
				AEBA91041FFA2C74003EA2BA /* EthereumKit.framework in Frameworks */,
				AED02DA22019B7E100B76CEC /* ECDSA.framework in Frameworks */,
				AEBA91021FFA2C74003EA2BA /* CryptoSwift.framework in Frameworks */,
			);
			runOnlyForDeploymentPostprocessing = 0;
		};
		AED02D972019B7E100B76CEC /* Frameworks */ = {
			isa = PBXFrameworksBuildPhase;
			buildActionMask = 2147483647;
			files = (
				AED5607C2019C8540060A676 /* secp256k1.framework in Frameworks */,
			);
			runOnlyForDeploymentPostprocessing = 0;
		};
/* End PBXFrameworksBuildPhase section */

/* Begin PBXGroup section */
		AE299DFF2018A642002769F9 /* BigInt */ = {
			isa = PBXGroup;
			children = (
				AE299DFD2018A63E002769F9 /* SMP.swift */,
				AE8291A92018C1F10047E0F0 /* BigInt+Extension.swift */,
			);
			path = BigInt;
			sourceTree = "<group>";
		};
		AE6639F22027473F0055B143 /* RIPEMD160 */ = {
			isa = PBXGroup;
			children = (
				AE6639F02027470C0055B143 /* RIPEMD160.swift */,
			);
			path = RIPEMD160;
			sourceTree = "<group>";
		};
		AE90A0761FFA698D005ED7AF /* EthereumKitTests */ = {
			isa = PBXGroup;
			children = (
				AE90A0771FFA698D005ED7AF /* EthereumKitTests.swift */,
				AE90A0791FFA698D005ED7AF /* Info.plist */,
			);
			path = EthereumKitTests;
			sourceTree = "<group>";
		};
		AEBA90CB1FFA21ED003EA2BA = {
			isa = PBXGroup;
			children = (
				AEBA90E81FFA2722003EA2BA /* CryptoSwift.framework */,
				AEBA90D71FFA21ED003EA2BA /* EthereumKit */,
				AE90A0761FFA698D005ED7AF /* EthereumKitTests */,
				AED02D9C2019B7E100B76CEC /* ECDSA */,
				AEBA90F11FFA2C6A003EA2BA /* Example */,
				AEBA90D61FFA21ED003EA2BA /* Products */,
				AED560752019B9A30060A676 /* Frameworks */,
			);
			sourceTree = "<group>";
		};
		AEBA90D61FFA21ED003EA2BA /* Products */ = {
			isa = PBXGroup;
			children = (
				AEBA90D51FFA21ED003EA2BA /* EthereumKit.framework */,
				AEBA90F01FFA2C6A003EA2BA /* Example.app */,
				AE90A0751FFA698D005ED7AF /* EthereumKitTests.xctest */,
				AED02D9B2019B7E100B76CEC /* ECDSA.framework */,
			);
			name = Products;
			sourceTree = "<group>";
		};
		AEBA90D71FFA21ED003EA2BA /* EthereumKit */ = {
			isa = PBXGroup;
			children = (
				AE8291982018ADAE0047E0F0 /* Wallet.swift */,
				AE82919C2018ADAF0047E0F0 /* Mnemonic.swift */,
				AE8291972018ADAE0047E0F0 /* Network.swift */,
				AE1BF3322028AEA400344FB0 /* PrivateKey.swift */,
				AE1BF3342028B17B00344FB0 /* PublicKey.swift */,
				AE82919E2018ADAF0047E0F0 /* WordList.swift */,
				AE1BF3362028B5B000344FB0 /* Crypto.swift */,
				AE7172A0202CAA0100516D63 /* DataConvertable.swift */,
				AE6639F22027473F0055B143 /* RIPEMD160 */,
				AE299DFF2018A642002769F9 /* BigInt */,
				AEBA90D81FFA21ED003EA2BA /* WalletKit.h */,
				AEBA90D91FFA21ED003EA2BA /* Info.plist */,
			);
			path = EthereumKit;
			sourceTree = "<group>";
		};
		AEBA90F11FFA2C6A003EA2BA /* Example */ = {
			isa = PBXGroup;
			children = (
				AEBA90F21FFA2C6A003EA2BA /* AppDelegate.swift */,
				AEBA90F41FFA2C6A003EA2BA /* ViewController.swift */,
				AEBA90F61FFA2C6A003EA2BA /* Main.storyboard */,
				AEBA90F91FFA2C6A003EA2BA /* Assets.xcassets */,
				AEBA90FB1FFA2C6A003EA2BA /* LaunchScreen.storyboard */,
				AEBA90FE1FFA2C6A003EA2BA /* Info.plist */,
			);
			path = Example;
			sourceTree = "<group>";
		};
		AED02D9C2019B7E100B76CEC /* ECDSA */ = {
			isa = PBXGroup;
			children = (
				AED560812019CC4F0060A676 /* ECDSA.swift */,
				AED02DB52019B90A00B76CEC /* secp256k1.h */,
				AED02DAC2019B83100B76CEC /* secp256k1.m */,
				AED02DA82019B83000B76CEC /* NSData+HexString.h */,
				AED02DA72019B83000B76CEC /* NSData+HexString.m */,
				AED5607B2019C8540060A676 /* secp256k1.framework */,
				AED5607A2019C7FB0060A676 /* ProjectModule */,
				AED02D9D2019B7E100B76CEC /* ECDSA.h */,
				AED02D9E2019B7E100B76CEC /* Info.plist */,
			);
			path = ECDSA;
			sourceTree = "<group>";
		};
		AED560752019B9A30060A676 /* Frameworks */ = {
			isa = PBXGroup;
			children = (
			);
			name = Frameworks;
			sourceTree = "<group>";
		};
		AED5607A2019C7FB0060A676 /* ProjectModule */ = {
			isa = PBXGroup;
			children = (
				AED560792019C7F20060A676 /* module.modulemap */,
			);
			path = ProjectModule;
			sourceTree = "<group>";
		};
/* End PBXGroup section */

/* Begin PBXHeadersBuildPhase section */
		AEBA90D21FFA21ED003EA2BA /* Headers */ = {
			isa = PBXHeadersBuildPhase;
			buildActionMask = 2147483647;
			files = (
				AEBA90DA1FFA21ED003EA2BA /* WalletKit.h in Headers */,
			);
			runOnlyForDeploymentPostprocessing = 0;
		};
		AED02D982019B7E100B76CEC /* Headers */ = {
			isa = PBXHeadersBuildPhase;
			buildActionMask = 2147483647;
			files = (
				AED02DAF2019B83100B76CEC /* NSData+HexString.h in Headers */,
				AED02D9F2019B7E100B76CEC /* ECDSA.h in Headers */,
				AED02DB62019B90A00B76CEC /* secp256k1.h in Headers */,
			);
			runOnlyForDeploymentPostprocessing = 0;
		};
/* End PBXHeadersBuildPhase section */

/* Begin PBXNativeTarget section */
		AE90A0741FFA698D005ED7AF /* EthereumKitTests */ = {
			isa = PBXNativeTarget;
			buildConfigurationList = AE90A07F1FFA698D005ED7AF /* Build configuration list for PBXNativeTarget "EthereumKitTests" */;
			buildPhases = (
				AE90A0711FFA698D005ED7AF /* Sources */,
				AE90A0721FFA698D005ED7AF /* Frameworks */,
				AE90A0731FFA698D005ED7AF /* Resources */,
			);
			buildRules = (
			);
			dependencies = (
				AE90A07C1FFA698D005ED7AF /* PBXTargetDependency */,
				AE90A0811FFA69D1005ED7AF /* PBXTargetDependency */,
			);
			name = EthereumKitTests;
			productName = WalletKitTests;
			productReference = AE90A0751FFA698D005ED7AF /* EthereumKitTests.xctest */;
			productType = "com.apple.product-type.bundle.unit-test";
		};
		AEBA90D41FFA21ED003EA2BA /* EthereumKit */ = {
			isa = PBXNativeTarget;
			buildConfigurationList = AEBA90DD1FFA21ED003EA2BA /* Build configuration list for PBXNativeTarget "EthereumKit" */;
			buildPhases = (
				AEBA90D01FFA21ED003EA2BA /* Sources */,
				AEBA90D11FFA21ED003EA2BA /* Frameworks */,
				AEBA90D21FFA21ED003EA2BA /* Headers */,
				AEBA90D31FFA21ED003EA2BA /* Resources */,
			);
			buildRules = (
			);
			dependencies = (
			);
			name = EthereumKit;
			productName = WalletKit;
			productReference = AEBA90D51FFA21ED003EA2BA /* EthereumKit.framework */;
			productType = "com.apple.product-type.framework";
		};
		AEBA90EF1FFA2C6A003EA2BA /* Example */ = {
			isa = PBXNativeTarget;
			buildConfigurationList = AEBA90FF1FFA2C6A003EA2BA /* Build configuration list for PBXNativeTarget "Example" */;
			buildPhases = (
				AEBA90EC1FFA2C6A003EA2BA /* Sources */,
				AEBA90ED1FFA2C6A003EA2BA /* Frameworks */,
				AEBA90EE1FFA2C6A003EA2BA /* Resources */,
				AEBA91081FFA2C74003EA2BA /* Embed Frameworks */,
			);
			buildRules = (
			);
			dependencies = (
				AEBA91071FFA2C74003EA2BA /* PBXTargetDependency */,
				AED02DA12019B7E100B76CEC /* PBXTargetDependency */,
			);
			name = Example;
			productName = Example;
			productReference = AEBA90F01FFA2C6A003EA2BA /* Example.app */;
			productType = "com.apple.product-type.application";
		};
		AED02D9A2019B7E100B76CEC /* ECDSA */ = {
			isa = PBXNativeTarget;
			buildConfigurationList = AED02DA42019B7E100B76CEC /* Build configuration list for PBXNativeTarget "ECDSA" */;
			buildPhases = (
				AED02D962019B7E100B76CEC /* Sources */,
				AED02D972019B7E100B76CEC /* Frameworks */,
				AED02D982019B7E100B76CEC /* Headers */,
				AED02D992019B7E100B76CEC /* Resources */,
			);
			buildRules = (
			);
			dependencies = (
			);
			name = ECDSA;
			productName = ECDSA;
			productReference = AED02D9B2019B7E100B76CEC /* ECDSA.framework */;
			productType = "com.apple.product-type.framework";
		};
/* End PBXNativeTarget section */

/* Begin PBXProject section */
		AEBA90CC1FFA21ED003EA2BA /* Project object */ = {
			isa = PBXProject;
			attributes = {
				LastSwiftUpdateCheck = 0920;
				LastUpgradeCheck = 0920;
				ORGANIZATIONNAME = yuzushioh;
				TargetAttributes = {
					AE90A0741FFA698D005ED7AF = {
						CreatedOnToolsVersion = 9.2;
						ProvisioningStyle = Automatic;
						TestTargetID = AEBA90EF1FFA2C6A003EA2BA;
					};
					AEBA90D41FFA21ED003EA2BA = {
						CreatedOnToolsVersion = 9.2;
						LastSwiftMigration = 0920;
						ProvisioningStyle = Automatic;
					};
					AEBA90EF1FFA2C6A003EA2BA = {
						CreatedOnToolsVersion = 9.2;
						ProvisioningStyle = Automatic;
					};
					AED02D9A2019B7E100B76CEC = {
						CreatedOnToolsVersion = 9.2;
						LastSwiftMigration = 0920;
						ProvisioningStyle = Automatic;
					};
				};
			};
			buildConfigurationList = AEBA90CF1FFA21ED003EA2BA /* Build configuration list for PBXProject "EthereumKit" */;
			compatibilityVersion = "Xcode 8.0";
			developmentRegion = en;
			hasScannedForEncodings = 0;
			knownRegions = (
				en,
				Base,
			);
			mainGroup = AEBA90CB1FFA21ED003EA2BA;
			productRefGroup = AEBA90D61FFA21ED003EA2BA /* Products */;
			projectDirPath = "";
			projectRoot = "";
			targets = (
				AEBA90D41FFA21ED003EA2BA /* EthereumKit */,
				AEBA90EF1FFA2C6A003EA2BA /* Example */,
				AE90A0741FFA698D005ED7AF /* EthereumKitTests */,
				AED02D9A2019B7E100B76CEC /* ECDSA */,
			);
		};
/* End PBXProject section */

/* Begin PBXResourcesBuildPhase section */
		AE90A0731FFA698D005ED7AF /* Resources */ = {
			isa = PBXResourcesBuildPhase;
			buildActionMask = 2147483647;
			files = (
			);
			runOnlyForDeploymentPostprocessing = 0;
		};
		AEBA90D31FFA21ED003EA2BA /* Resources */ = {
			isa = PBXResourcesBuildPhase;
			buildActionMask = 2147483647;
			files = (
			);
			runOnlyForDeploymentPostprocessing = 0;
		};
		AEBA90EE1FFA2C6A003EA2BA /* Resources */ = {
			isa = PBXResourcesBuildPhase;
			buildActionMask = 2147483647;
			files = (
				AEBA90FD1FFA2C6A003EA2BA /* LaunchScreen.storyboard in Resources */,
				AEBA90FA1FFA2C6A003EA2BA /* Assets.xcassets in Resources */,
				AEBA90F81FFA2C6A003EA2BA /* Main.storyboard in Resources */,
			);
			runOnlyForDeploymentPostprocessing = 0;
		};
		AED02D992019B7E100B76CEC /* Resources */ = {
			isa = PBXResourcesBuildPhase;
			buildActionMask = 2147483647;
			files = (
			);
			runOnlyForDeploymentPostprocessing = 0;
		};
/* End PBXResourcesBuildPhase section */

/* Begin PBXSourcesBuildPhase section */
		AE90A0711FFA698D005ED7AF /* Sources */ = {
			isa = PBXSourcesBuildPhase;
			buildActionMask = 2147483647;
			files = (
				AE90A0781FFA698D005ED7AF /* EthereumKitTests.swift in Sources */,
			);
			runOnlyForDeploymentPostprocessing = 0;
		};
		AEBA90D01FFA21ED003EA2BA /* Sources */ = {
			isa = PBXSourcesBuildPhase;
			buildActionMask = 2147483647;
			files = (
				AE8291AA2018C1F10047E0F0 /* BigInt+Extension.swift in Sources */,
				AE8291A02018ADAF0047E0F0 /* Wallet.swift in Sources */,
				AE7172A1202CAA0100516D63 /* DataConvertable.swift in Sources */,
				AE82919F2018ADAF0047E0F0 /* Network.swift in Sources */,
				AE8291A62018ADAF0047E0F0 /* WordList.swift in Sources */,
				AE6639F12027470C0055B143 /* RIPEMD160.swift in Sources */,
				AE8291A42018ADAF0047E0F0 /* Mnemonic.swift in Sources */,
				AE299DFE2018A63F002769F9 /* SMP.swift in Sources */,
				AE1BF3352028B17B00344FB0 /* PublicKey.swift in Sources */,
				AE1BF3372028B5B000344FB0 /* Crypto.swift in Sources */,
				AE1BF3332028AEA400344FB0 /* PrivateKey.swift in Sources */,
			);
			runOnlyForDeploymentPostprocessing = 0;
		};
		AEBA90EC1FFA2C6A003EA2BA /* Sources */ = {
			isa = PBXSourcesBuildPhase;
			buildActionMask = 2147483647;
			files = (
				AEBA90F51FFA2C6A003EA2BA /* ViewController.swift in Sources */,
				AEBA90F31FFA2C6A003EA2BA /* AppDelegate.swift in Sources */,
			);
			runOnlyForDeploymentPostprocessing = 0;
		};
		AED02D962019B7E100B76CEC /* Sources */ = {
			isa = PBXSourcesBuildPhase;
			buildActionMask = 2147483647;
			files = (
				AED02DB12019B83100B76CEC /* secp256k1.m in Sources */,
				AED560822019CC4F0060A676 /* ECDSA.swift in Sources */,
				AED02DAE2019B83100B76CEC /* NSData+HexString.m in Sources */,
			);
			runOnlyForDeploymentPostprocessing = 0;
		};
/* End PBXSourcesBuildPhase section */

/* Begin PBXTargetDependency section */
		AE90A07C1FFA698D005ED7AF /* PBXTargetDependency */ = {
			isa = PBXTargetDependency;
			target = AEBA90D41FFA21ED003EA2BA /* EthereumKit */;
			targetProxy = AE90A07B1FFA698D005ED7AF /* PBXContainerItemProxy */;
		};
		AE90A0811FFA69D1005ED7AF /* PBXTargetDependency */ = {
			isa = PBXTargetDependency;
			target = AEBA90EF1FFA2C6A003EA2BA /* Example */;
			targetProxy = AE90A0801FFA69D1005ED7AF /* PBXContainerItemProxy */;
		};
		AEBA91071FFA2C74003EA2BA /* PBXTargetDependency */ = {
			isa = PBXTargetDependency;
			target = AEBA90D41FFA21ED003EA2BA /* EthereumKit */;
			targetProxy = AEBA91061FFA2C74003EA2BA /* PBXContainerItemProxy */;
		};
		AED02DA12019B7E100B76CEC /* PBXTargetDependency */ = {
			isa = PBXTargetDependency;
			target = AED02D9A2019B7E100B76CEC /* ECDSA */;
			targetProxy = AED02DA02019B7E100B76CEC /* PBXContainerItemProxy */;
		};
/* End PBXTargetDependency section */

/* Begin PBXVariantGroup section */
		AEBA90F61FFA2C6A003EA2BA /* Main.storyboard */ = {
			isa = PBXVariantGroup;
			children = (
				AEBA90F71FFA2C6A003EA2BA /* Base */,
			);
			name = Main.storyboard;
			sourceTree = "<group>";
		};
		AEBA90FB1FFA2C6A003EA2BA /* LaunchScreen.storyboard */ = {
			isa = PBXVariantGroup;
			children = (
				AEBA90FC1FFA2C6A003EA2BA /* Base */,
			);
			name = LaunchScreen.storyboard;
			sourceTree = "<group>";
		};
/* End PBXVariantGroup section */

/* Begin XCBuildConfiguration section */
		AE90A07D1FFA698D005ED7AF /* Debug */ = {
			isa = XCBuildConfiguration;
			buildSettings = {
				CODE_SIGN_STYLE = Automatic;
				DEVELOPMENT_TEAM = LG8FQ3AXT3;
				FRAMEWORK_SEARCH_PATHS = (
					"$(inherited)",
					"$(PROJECT_DIR)/Carthage/Build/iOS",
				);
				INFOPLIST_FILE = EthereumKitTests/Info.plist;
				IPHONEOS_DEPLOYMENT_TARGET = 11.2;
				LD_RUNPATH_SEARCH_PATHS = "$(inherited) @executable_path/Frameworks @loader_path/Frameworks";
				PRODUCT_BUNDLE_IDENTIFIER = yuzushioh.EthereumKitTests;
				PRODUCT_NAME = "$(TARGET_NAME)";
				SWIFT_VERSION = 4.0;
				TARGETED_DEVICE_FAMILY = "1,2";
				TEST_HOST = "$(BUILT_PRODUCTS_DIR)/Example.app/Example";
			};
			name = Debug;
		};
		AE90A07E1FFA698D005ED7AF /* Release */ = {
			isa = XCBuildConfiguration;
			buildSettings = {
				CODE_SIGN_STYLE = Automatic;
				DEVELOPMENT_TEAM = LG8FQ3AXT3;
				FRAMEWORK_SEARCH_PATHS = (
					"$(inherited)",
					"$(PROJECT_DIR)/Carthage/Build/iOS",
				);
				INFOPLIST_FILE = EthereumKitTests/Info.plist;
				IPHONEOS_DEPLOYMENT_TARGET = 11.2;
				LD_RUNPATH_SEARCH_PATHS = "$(inherited) @executable_path/Frameworks @loader_path/Frameworks";
				PRODUCT_BUNDLE_IDENTIFIER = yuzushioh.EthereumKitTests;
				PRODUCT_NAME = "$(TARGET_NAME)";
				SWIFT_VERSION = 4.0;
				TARGETED_DEVICE_FAMILY = "1,2";
				TEST_HOST = "$(BUILT_PRODUCTS_DIR)/Example.app/Example";
			};
			name = Release;
		};
		AEBA90DB1FFA21ED003EA2BA /* Debug */ = {
			isa = XCBuildConfiguration;
			buildSettings = {
				ALWAYS_SEARCH_USER_PATHS = NO;
				CLANG_ANALYZER_NONNULL = YES;
				CLANG_ANALYZER_NUMBER_OBJECT_CONVERSION = YES_AGGRESSIVE;
				CLANG_CXX_LANGUAGE_STANDARD = "gnu++14";
				CLANG_CXX_LIBRARY = "libc++";
				CLANG_ENABLE_MODULES = YES;
				CLANG_ENABLE_OBJC_ARC = YES;
				CLANG_WARN_BLOCK_CAPTURE_AUTORELEASING = YES;
				CLANG_WARN_BOOL_CONVERSION = YES;
				CLANG_WARN_COMMA = YES;
				CLANG_WARN_CONSTANT_CONVERSION = YES;
				CLANG_WARN_DIRECT_OBJC_ISA_USAGE = YES_ERROR;
				CLANG_WARN_DOCUMENTATION_COMMENTS = YES;
				CLANG_WARN_EMPTY_BODY = YES;
				CLANG_WARN_ENUM_CONVERSION = YES;
				CLANG_WARN_INFINITE_RECURSION = YES;
				CLANG_WARN_INT_CONVERSION = YES;
				CLANG_WARN_NON_LITERAL_NULL_CONVERSION = YES;
				CLANG_WARN_OBJC_LITERAL_CONVERSION = YES;
				CLANG_WARN_OBJC_ROOT_CLASS = YES_ERROR;
				CLANG_WARN_RANGE_LOOP_ANALYSIS = YES;
				CLANG_WARN_STRICT_PROTOTYPES = YES;
				CLANG_WARN_SUSPICIOUS_MOVE = YES;
				CLANG_WARN_UNGUARDED_AVAILABILITY = YES_AGGRESSIVE;
				CLANG_WARN_UNREACHABLE_CODE = YES;
				CLANG_WARN__DUPLICATE_METHOD_MATCH = YES;
				CODE_SIGN_IDENTITY = "iPhone Developer";
				COPY_PHASE_STRIP = NO;
				CURRENT_PROJECT_VERSION = 1;
				DEBUG_INFORMATION_FORMAT = dwarf;
				ENABLE_STRICT_OBJC_MSGSEND = YES;
				ENABLE_TESTABILITY = YES;
				GCC_C_LANGUAGE_STANDARD = gnu11;
				GCC_DYNAMIC_NO_PIC = NO;
				GCC_NO_COMMON_BLOCKS = YES;
				GCC_OPTIMIZATION_LEVEL = 0;
				GCC_PREPROCESSOR_DEFINITIONS = (
					"DEBUG=1",
					"$(inherited)",
				);
				GCC_WARN_64_TO_32_BIT_CONVERSION = YES;
				GCC_WARN_ABOUT_RETURN_TYPE = YES_ERROR;
				GCC_WARN_UNDECLARED_SELECTOR = YES;
				GCC_WARN_UNINITIALIZED_AUTOS = YES_AGGRESSIVE;
				GCC_WARN_UNUSED_FUNCTION = YES;
				GCC_WARN_UNUSED_VARIABLE = YES;
				IPHONEOS_DEPLOYMENT_TARGET = 10.0;
				MTL_ENABLE_DEBUG_INFO = YES;
				ONLY_ACTIVE_ARCH = YES;
				SDKROOT = iphoneos;
				SWIFT_ACTIVE_COMPILATION_CONDITIONS = DEBUG;
				SWIFT_INCLUDE_PATHS = "";
				SWIFT_OPTIMIZATION_LEVEL = "-Onone";
				VERSIONING_SYSTEM = "apple-generic";
				VERSION_INFO_PREFIX = "";
			};
			name = Debug;
		};
		AEBA90DC1FFA21ED003EA2BA /* Release */ = {
			isa = XCBuildConfiguration;
			buildSettings = {
				ALWAYS_SEARCH_USER_PATHS = NO;
				CLANG_ANALYZER_NONNULL = YES;
				CLANG_ANALYZER_NUMBER_OBJECT_CONVERSION = YES_AGGRESSIVE;
				CLANG_CXX_LANGUAGE_STANDARD = "gnu++14";
				CLANG_CXX_LIBRARY = "libc++";
				CLANG_ENABLE_MODULES = YES;
				CLANG_ENABLE_OBJC_ARC = YES;
				CLANG_WARN_BLOCK_CAPTURE_AUTORELEASING = YES;
				CLANG_WARN_BOOL_CONVERSION = YES;
				CLANG_WARN_COMMA = YES;
				CLANG_WARN_CONSTANT_CONVERSION = YES;
				CLANG_WARN_DIRECT_OBJC_ISA_USAGE = YES_ERROR;
				CLANG_WARN_DOCUMENTATION_COMMENTS = YES;
				CLANG_WARN_EMPTY_BODY = YES;
				CLANG_WARN_ENUM_CONVERSION = YES;
				CLANG_WARN_INFINITE_RECURSION = YES;
				CLANG_WARN_INT_CONVERSION = YES;
				CLANG_WARN_NON_LITERAL_NULL_CONVERSION = YES;
				CLANG_WARN_OBJC_LITERAL_CONVERSION = YES;
				CLANG_WARN_OBJC_ROOT_CLASS = YES_ERROR;
				CLANG_WARN_RANGE_LOOP_ANALYSIS = YES;
				CLANG_WARN_STRICT_PROTOTYPES = YES;
				CLANG_WARN_SUSPICIOUS_MOVE = YES;
				CLANG_WARN_UNGUARDED_AVAILABILITY = YES_AGGRESSIVE;
				CLANG_WARN_UNREACHABLE_CODE = YES;
				CLANG_WARN__DUPLICATE_METHOD_MATCH = YES;
				CODE_SIGN_IDENTITY = "iPhone Developer";
				COPY_PHASE_STRIP = NO;
				CURRENT_PROJECT_VERSION = 1;
				DEBUG_INFORMATION_FORMAT = "dwarf-with-dsym";
				ENABLE_NS_ASSERTIONS = NO;
				ENABLE_STRICT_OBJC_MSGSEND = YES;
				GCC_C_LANGUAGE_STANDARD = gnu11;
				GCC_NO_COMMON_BLOCKS = YES;
				GCC_WARN_64_TO_32_BIT_CONVERSION = YES;
				GCC_WARN_ABOUT_RETURN_TYPE = YES_ERROR;
				GCC_WARN_UNDECLARED_SELECTOR = YES;
				GCC_WARN_UNINITIALIZED_AUTOS = YES_AGGRESSIVE;
				GCC_WARN_UNUSED_FUNCTION = YES;
				GCC_WARN_UNUSED_VARIABLE = YES;
				IPHONEOS_DEPLOYMENT_TARGET = 10.0;
				MTL_ENABLE_DEBUG_INFO = NO;
				SDKROOT = iphoneos;
				SWIFT_INCLUDE_PATHS = "";
				SWIFT_OPTIMIZATION_LEVEL = "-Owholemodule";
				VALIDATE_PRODUCT = YES;
				VERSIONING_SYSTEM = "apple-generic";
				VERSION_INFO_PREFIX = "";
			};
			name = Release;
		};
		AEBA90DE1FFA21ED003EA2BA /* Debug */ = {
			isa = XCBuildConfiguration;
			buildSettings = {
				CLANG_ENABLE_MODULES = YES;
				CODE_SIGN_IDENTITY = "";
				CODE_SIGN_STYLE = Automatic;
				DEFINES_MODULE = YES;
				DEVELOPMENT_TEAM = LG8FQ3AXT3;
				DYLIB_COMPATIBILITY_VERSION = 1;
				DYLIB_CURRENT_VERSION = 1;
				DYLIB_INSTALL_NAME_BASE = "@rpath";
				FRAMEWORK_SEARCH_PATHS = (
					"$(inherited)",
					"$(PROJECT_DIR)/Carthage/Build/iOS",
					"$(PROJECT_DIR)",
				);
				INFOPLIST_FILE = "$(SRCROOT)/EthereumKit/Info.plist";
				INSTALL_PATH = "$(LOCAL_LIBRARY_DIR)/Frameworks";
				IPHONEOS_DEPLOYMENT_TARGET = 10.0;
				LD_RUNPATH_SEARCH_PATHS = "$(inherited) @executable_path/Frameworks @loader_path/Frameworks";
				PRODUCT_BUNDLE_IDENTIFIER = yuzushioh.WalletKit;
				PRODUCT_NAME = "$(TARGET_NAME:c99extidentifier)";
				SKIP_INSTALL = YES;
				SWIFT_OBJC_BRIDGING_HEADER = "";
				SWIFT_OPTIMIZATION_LEVEL = "-Onone";
				SWIFT_VERSION = 4.0;
				TARGETED_DEVICE_FAMILY = "1,2";
			};
			name = Debug;
		};
		AEBA90DF1FFA21ED003EA2BA /* Release */ = {
			isa = XCBuildConfiguration;
			buildSettings = {
				CLANG_ENABLE_MODULES = YES;
				CODE_SIGN_IDENTITY = "";
				CODE_SIGN_STYLE = Automatic;
				DEFINES_MODULE = YES;
				DEVELOPMENT_TEAM = LG8FQ3AXT3;
				DYLIB_COMPATIBILITY_VERSION = 1;
				DYLIB_CURRENT_VERSION = 1;
				DYLIB_INSTALL_NAME_BASE = "@rpath";
				FRAMEWORK_SEARCH_PATHS = (
					"$(inherited)",
					"$(PROJECT_DIR)/Carthage/Build/iOS",
					"$(PROJECT_DIR)",
				);
				INFOPLIST_FILE = "$(SRCROOT)/EthereumKit/Info.plist";
				INSTALL_PATH = "$(LOCAL_LIBRARY_DIR)/Frameworks";
				IPHONEOS_DEPLOYMENT_TARGET = 10.0;
				LD_RUNPATH_SEARCH_PATHS = "$(inherited) @executable_path/Frameworks @loader_path/Frameworks";
				PRODUCT_BUNDLE_IDENTIFIER = yuzushioh.WalletKit;
				PRODUCT_NAME = "$(TARGET_NAME:c99extidentifier)";
				SKIP_INSTALL = YES;
				SWIFT_OBJC_BRIDGING_HEADER = "";
				SWIFT_VERSION = 4.0;
				TARGETED_DEVICE_FAMILY = "1,2";
			};
			name = Release;
		};
		AEBA91001FFA2C6A003EA2BA /* Debug */ = {
			isa = XCBuildConfiguration;
			buildSettings = {
				ALWAYS_EMBED_SWIFT_STANDARD_LIBRARIES = YES;
				ASSETCATALOG_COMPILER_APPICON_NAME = AppIcon;
				CODE_SIGN_STYLE = Automatic;
				DEVELOPMENT_TEAM = LG8FQ3AXT3;
				FRAMEWORK_SEARCH_PATHS = (
					"$(inherited)",
					"$(PROJECT_DIR)/Carthage/Build/iOS",
				);
				INFOPLIST_FILE = Example/Info.plist;
				IPHONEOS_DEPLOYMENT_TARGET = 10.0;
				LD_RUNPATH_SEARCH_PATHS = "$(inherited) @executable_path/Frameworks";
				PRODUCT_BUNDLE_IDENTIFIER = yuzushioh.Example;
				PRODUCT_NAME = "$(TARGET_NAME)";
				SWIFT_VERSION = 4.0;
				TARGETED_DEVICE_FAMILY = "1,2";
			};
			name = Debug;
		};
		AEBA91011FFA2C6A003EA2BA /* Release */ = {
			isa = XCBuildConfiguration;
			buildSettings = {
				ALWAYS_EMBED_SWIFT_STANDARD_LIBRARIES = YES;
				ASSETCATALOG_COMPILER_APPICON_NAME = AppIcon;
				CODE_SIGN_STYLE = Automatic;
				DEVELOPMENT_TEAM = LG8FQ3AXT3;
				FRAMEWORK_SEARCH_PATHS = (
					"$(inherited)",
					"$(PROJECT_DIR)/Carthage/Build/iOS",
				);
				INFOPLIST_FILE = Example/Info.plist;
				IPHONEOS_DEPLOYMENT_TARGET = 10.0;
				LD_RUNPATH_SEARCH_PATHS = "$(inherited) @executable_path/Frameworks";
				PRODUCT_BUNDLE_IDENTIFIER = yuzushioh.Example;
				PRODUCT_NAME = "$(TARGET_NAME)";
				SWIFT_VERSION = 4.0;
				TARGETED_DEVICE_FAMILY = "1,2";
			};
			name = Release;
		};
		AED02DA52019B7E100B76CEC /* Debug */ = {
			isa = XCBuildConfiguration;
			buildSettings = {
				CLANG_ENABLE_MODULES = YES;
				CODE_SIGN_IDENTITY = "";
				CODE_SIGN_STYLE = Automatic;
				DEFINES_MODULE = YES;
				DEVELOPMENT_TEAM = LG8FQ3AXT3;
				DYLIB_COMPATIBILITY_VERSION = 1;
				DYLIB_CURRENT_VERSION = 1;
				DYLIB_INSTALL_NAME_BASE = "@rpath";
				FRAMEWORK_SEARCH_PATHS = (
					"$(inherited)",
					"$(PROJECT_DIR)/ECDSA",
				);
				INFOPLIST_FILE = ECDSA/Info.plist;
				INSTALL_PATH = "$(LOCAL_LIBRARY_DIR)/Frameworks";
				IPHONEOS_DEPLOYMENT_TARGET = 10.0;
				LD_RUNPATH_SEARCH_PATHS = "$(inherited) @executable_path/Frameworks @loader_path/Frameworks";
				MODULEMAP_FILE = "";
				MODULEMAP_PRIVATE_FILE = "";
				PRODUCT_BUNDLE_IDENTIFIER = yuzushioh.ECDSA;
				PRODUCT_NAME = "$(TARGET_NAME:c99extidentifier)";
				SKIP_INSTALL = YES;
				SWIFT_INCLUDE_PATHS = "$(SRCROOT)/ECDSA/ProjectModule";
				SWIFT_OPTIMIZATION_LEVEL = "-Onone";
				SWIFT_VERSION = 4.0;
				TARGETED_DEVICE_FAMILY = "1,2";
			};
			name = Debug;
		};
		AED02DA62019B7E100B76CEC /* Release */ = {
			isa = XCBuildConfiguration;
			buildSettings = {
				CLANG_ENABLE_MODULES = YES;
				CODE_SIGN_IDENTITY = "";
				CODE_SIGN_STYLE = Automatic;
				DEFINES_MODULE = YES;
				DEVELOPMENT_TEAM = LG8FQ3AXT3;
				DYLIB_COMPATIBILITY_VERSION = 1;
				DYLIB_CURRENT_VERSION = 1;
				DYLIB_INSTALL_NAME_BASE = "@rpath";
				FRAMEWORK_SEARCH_PATHS = (
					"$(inherited)",
					"$(PROJECT_DIR)/ECDSA",
				);
				INFOPLIST_FILE = ECDSA/Info.plist;
				INSTALL_PATH = "$(LOCAL_LIBRARY_DIR)/Frameworks";
				IPHONEOS_DEPLOYMENT_TARGET = 10.0;
				LD_RUNPATH_SEARCH_PATHS = "$(inherited) @executable_path/Frameworks @loader_path/Frameworks";
				MODULEMAP_FILE = "";
				MODULEMAP_PRIVATE_FILE = "";
				PRODUCT_BUNDLE_IDENTIFIER = yuzushioh.ECDSA;
				PRODUCT_NAME = "$(TARGET_NAME:c99extidentifier)";
				SKIP_INSTALL = YES;
				SWIFT_INCLUDE_PATHS = "$(SRCROOT)/ECDSA/ProjectModule";
				SWIFT_VERSION = 4.0;
				TARGETED_DEVICE_FAMILY = "1,2";
			};
			name = Release;
		};
/* End XCBuildConfiguration section */

/* Begin XCConfigurationList section */
		AE90A07F1FFA698D005ED7AF /* Build configuration list for PBXNativeTarget "EthereumKitTests" */ = {
			isa = XCConfigurationList;
			buildConfigurations = (
				AE90A07D1FFA698D005ED7AF /* Debug */,
				AE90A07E1FFA698D005ED7AF /* Release */,
			);
			defaultConfigurationIsVisible = 0;
			defaultConfigurationName = Release;
		};
		AEBA90CF1FFA21ED003EA2BA /* Build configuration list for PBXProject "EthereumKit" */ = {
			isa = XCConfigurationList;
			buildConfigurations = (
				AEBA90DB1FFA21ED003EA2BA /* Debug */,
				AEBA90DC1FFA21ED003EA2BA /* Release */,
			);
			defaultConfigurationIsVisible = 0;
			defaultConfigurationName = Release;
		};
		AEBA90DD1FFA21ED003EA2BA /* Build configuration list for PBXNativeTarget "EthereumKit" */ = {
			isa = XCConfigurationList;
			buildConfigurations = (
				AEBA90DE1FFA21ED003EA2BA /* Debug */,
				AEBA90DF1FFA21ED003EA2BA /* Release */,
			);
			defaultConfigurationIsVisible = 0;
			defaultConfigurationName = Release;
		};
		AEBA90FF1FFA2C6A003EA2BA /* Build configuration list for PBXNativeTarget "Example" */ = {
			isa = XCConfigurationList;
			buildConfigurations = (
				AEBA91001FFA2C6A003EA2BA /* Debug */,
				AEBA91011FFA2C6A003EA2BA /* Release */,
			);
			defaultConfigurationIsVisible = 0;
			defaultConfigurationName = Release;
		};
		AED02DA42019B7E100B76CEC /* Build configuration list for PBXNativeTarget "ECDSA" */ = {
			isa = XCConfigurationList;
			buildConfigurations = (
				AED02DA52019B7E100B76CEC /* Debug */,
				AED02DA62019B7E100B76CEC /* Release */,
			);
			defaultConfigurationIsVisible = 0;
			defaultConfigurationName = Release;
		};
/* End XCConfigurationList section */
	};
	rootObject = AEBA90CC1FFA21ED003EA2BA /* Project object */;
}
