// !$*UTF8*$!
{
	archiveVersion = 1;
	classes = {
	};
	objectVersion = 48;
	objects = {

/* Begin PBXBuildFile section */
		0AA12014206BFE800052AE8B /* CryptoTests.swift in Sources */ = {isa = PBXBuildFile; fileRef = 0AA12013206BFE800052AE8B /* CryptoTests.swift */; };
		1A371091204E8FC0003A40BB /* String+Extension.swift in Sources */ = {isa = PBXBuildFile; fileRef = 1A371090204E8FC0003A40BB /* String+Extension.swift */; };
		1A371098205050A6003A40BB /* Converter.swift in Sources */ = {isa = PBXBuildFile; fileRef = 1A371097205050A6003A40BB /* Converter.swift */; };
		1A37109A205052C1003A40BB /* ConverterTests.swift in Sources */ = {isa = PBXBuildFile; fileRef = 1A371099205052C1003A40BB /* ConverterTests.swift */; };
		AE0057182042E4CF007AA468 /* RLP.swift in Sources */ = {isa = PBXBuildFile; fileRef = AE0057172042E4CF007AA468 /* RLP.swift */; };
		AE00571A2048F946007AA468 /* Address.swift in Sources */ = {isa = PBXBuildFile; fileRef = AE0057192048F946007AA468 /* Address.swift */; };
		AE00571E2049482A007AA468 /* EIP155Signer.swift in Sources */ = {isa = PBXBuildFile; fileRef = AE00571D2049482A007AA468 /* EIP155Signer.swift */; };
		AE005720204D7D59007AA468 /* RLPTests.swift in Sources */ = {isa = PBXBuildFile; fileRef = AE00571F204D7D59007AA468 /* RLPTests.swift */; };
		AE005722204D82A1007AA468 /* EIP155SignerTests.swift in Sources */ = {isa = PBXBuildFile; fileRef = AE005721204D82A1007AA468 /* EIP155SignerTests.swift */; };
		AE005724204D852E007AA468 /* AddressTests.swift in Sources */ = {isa = PBXBuildFile; fileRef = AE005723204D852E007AA468 /* AddressTests.swift */; };
		AE005726204EE61D007AA468 /* TransactionSigningTests.swift in Sources */ = {isa = PBXBuildFile; fileRef = AE005725204EE61D007AA468 /* TransactionSigningTests.swift */; };
		AE00572A205390E1007AA468 /* EthereumKitError.swift in Sources */ = {isa = PBXBuildFile; fileRef = AE005729205390E1007AA468 /* EthereumKitError.swift */; };
		AE00572E205391E2007AA468 /* Configuration.swift in Sources */ = {isa = PBXBuildFile; fileRef = AE00572D205391E2007AA468 /* Configuration.swift */; };
		AE00573020539565007AA468 /* HDPrivateKey.swift in Sources */ = {isa = PBXBuildFile; fileRef = AE00572F20539565007AA468 /* HDPrivateKey.swift */; };
		AE00573220539575007AA468 /* HDPublicKey.swift in Sources */ = {isa = PBXBuildFile; fileRef = AE00573120539575007AA468 /* HDPublicKey.swift */; };
		AE00573420539993007AA468 /* HDWallet.swift in Sources */ = {isa = PBXBuildFile; fileRef = AE00573320539993007AA468 /* HDWallet.swift */; };
		AE0057362053A510007AA468 /* PrivateKeyAndPublicKeyTests.swift in Sources */ = {isa = PBXBuildFile; fileRef = AE0057352053A510007AA468 /* PrivateKeyAndPublicKeyTests.swift */; };
		AE0057382053A5E4007AA468 /* WalletTests.swift in Sources */ = {isa = PBXBuildFile; fileRef = AE0057372053A5E4007AA468 /* WalletTests.swift */; };
		AE1270E920E8B1CA00487956 /* HDPublicKeyTests.swift in Sources */ = {isa = PBXBuildFile; fileRef = AE1270E820E8B1CA00487956 /* HDPublicKeyTests.swift */; };
		AE14A60D206F552D003A63FF /* CryptoSwift.framework in Frameworks */ = {isa = PBXBuildFile; fileRef = AE14A60A206F552D003A63FF /* CryptoSwift.framework */; };
		AE14A610206F5555003A63FF /* CryptoSwift.framework in Frameworks */ = {isa = PBXBuildFile; fileRef = AE14A60A206F552D003A63FF /* CryptoSwift.framework */; };
		AE14A611206F5555003A63FF /* CryptoSwift.framework in Embed Frameworks */ = {isa = PBXBuildFile; fileRef = AE14A60A206F552D003A63FF /* CryptoSwift.framework */; settings = {ATTRIBUTES = (CodeSignOnCopy, RemoveHeadersOnCopy, ); }; };
		AE14A6242070A98D003A63FF /* English.swift in Sources */ = {isa = PBXBuildFile; fileRef = AE14A6232070A98D003A63FF /* English.swift */; };
		AE14A6262070A9AE003A63FF /* Japanese.swift in Sources */ = {isa = PBXBuildFile; fileRef = AE14A6252070A9AE003A63FF /* Japanese.swift */; };
		AE1A4B8A206558B300346BA2 /* JSONRPCError.swift in Sources */ = {isa = PBXBuildFile; fileRef = AE1A4B89206558B300346BA2 /* JSONRPCError.swift */; };
		AE1A4B8D20655A1F00346BA2 /* Batch.swift in Sources */ = {isa = PBXBuildFile; fileRef = AE1A4B8C20655A1F00346BA2 /* Batch.swift */; };
		AE1A4B8F20655A5200346BA2 /* IDGenerator.swift in Sources */ = {isa = PBXBuildFile; fileRef = AE1A4B8E20655A5200346BA2 /* IDGenerator.swift */; };
		AE1BF3332028AEA400344FB0 /* PrivateKey.swift in Sources */ = {isa = PBXBuildFile; fileRef = AE1BF3322028AEA400344FB0 /* PrivateKey.swift */; };
		AE1BF3352028B17B00344FB0 /* PublicKey.swift in Sources */ = {isa = PBXBuildFile; fileRef = AE1BF3342028B17B00344FB0 /* PublicKey.swift */; };
		AE1BF3372028B5B000344FB0 /* Crypto.swift in Sources */ = {isa = PBXBuildFile; fileRef = AE1BF3362028B5B000344FB0 /* Crypto.swift */; };
		AE1F8C21208CDA0C0088A043 /* MessageSigningTests.swift in Sources */ = {isa = PBXBuildFile; fileRef = AE1F8C20208CDA0C0088A043 /* MessageSigningTests.swift */; };
		AE22CA2320A7711A0033FECD /* RawTransaction.swift in Sources */ = {isa = PBXBuildFile; fileRef = AE22CA2220A7711A0033FECD /* RawTransaction.swift */; };
		AE22CA2520A831620033FECD /* SentTransaction.swift in Sources */ = {isa = PBXBuildFile; fileRef = AE22CA2420A831620033FECD /* SentTransaction.swift */; };
		AE295DE720615AC500F774A6 /* SMP.swift in Sources */ = {isa = PBXBuildFile; fileRef = AE295DE620615AC500F774A6 /* SMP.swift */; };
		AE295DEB20654D8B00F774A6 /* JSONRPCRequest.swift in Sources */ = {isa = PBXBuildFile; fileRef = AE295DEA20654D8A00F774A6 /* JSONRPCRequest.swift */; };
		AE295DED206554E500F774A6 /* BatchElement.swift in Sources */ = {isa = PBXBuildFile; fileRef = AE295DEC206554E500F774A6 /* BatchElement.swift */; };
		AE295DEF2065551C00F774A6 /* BatchFactory.swift in Sources */ = {isa = PBXBuildFile; fileRef = AE295DEE2065551C00F774A6 /* BatchFactory.swift */; };
		AE354224202D46E400007B80 /* Base58Encode.swift in Sources */ = {isa = PBXBuildFile; fileRef = AE354223202D46E400007B80 /* Base58Encode.swift */; };
		AE35422F20300E4900007B80 /* EIP55.swift in Sources */ = {isa = PBXBuildFile; fileRef = AE35422E20300E4900007B80 /* EIP55.swift */; };
		AE3EB60320AC8D3600D61CE6 /* ERC20.swift in Sources */ = {isa = PBXBuildFile; fileRef = AE3EB60220AC8D3600D61CE6 /* ERC20.swift */; };
		AE3EB60720AC941A00D61CE6 /* ERC20Tests.swift in Sources */ = {isa = PBXBuildFile; fileRef = AE3EB60620AC941A00D61CE6 /* ERC20Tests.swift */; };
		AE4B2E8720EB5DF60080F3EA /* BIP32Tests.swift in Sources */ = {isa = PBXBuildFile; fileRef = AE4B2E8620EB5DF60080F3EA /* BIP32Tests.swift */; };
		AE53C96C20D4CF1C00714EF4 /* NetworkTests.swift in Sources */ = {isa = PBXBuildFile; fileRef = AE53C96B20D4CF1C00714EF4 /* NetworkTests.swift */; };
		AE5EE9BD20DB8425007F9D72 /* BalanceTests.swift in Sources */ = {isa = PBXBuildFile; fileRef = AE5EE9BC20DB8425007F9D72 /* BalanceTests.swift */; };
		AE5EE9BF20DB84C2007F9D72 /* BlockParameterTests.swift in Sources */ = {isa = PBXBuildFile; fileRef = AE5EE9BE20DB84C2007F9D72 /* BlockParameterTests.swift */; };
		AE5EE9C120DB8615007F9D72 /* RawTransactionTests.swift in Sources */ = {isa = PBXBuildFile; fileRef = AE5EE9C020DB8615007F9D72 /* RawTransactionTests.swift */; };
		AE5EE9C320DB86E7007F9D72 /* TransactionTests.swift in Sources */ = {isa = PBXBuildFile; fileRef = AE5EE9C220DB86E7007F9D72 /* TransactionTests.swift */; };
		AE5EE9C520DB882F007F9D72 /* SentTransactionTests.swift in Sources */ = {isa = PBXBuildFile; fileRef = AE5EE9C420DB882F007F9D72 /* SentTransactionTests.swift */; };
		AE614679208744E600A9E77A /* HTTPClientType.swift in Sources */ = {isa = PBXBuildFile; fileRef = AE614678208744E600A9E77A /* HTTPClientType.swift */; };
		AE61467B20874FBE00A9E77A /* HTTPClient.swift in Sources */ = {isa = PBXBuildFile; fileRef = AE61467A20874FBE00A9E77A /* HTTPClient.swift */; };
		AE61467D20874FE700A9E77A /* Cancellable.swift in Sources */ = {isa = PBXBuildFile; fileRef = AE61467C20874FE700A9E77A /* Cancellable.swift */; };
		AE61467F2087501000A9E77A /* Result.swift in Sources */ = {isa = PBXBuildFile; fileRef = AE61467E2087501000A9E77A /* Result.swift */; };
		AE6146812087502D00A9E77A /* RequestType.swift in Sources */ = {isa = PBXBuildFile; fileRef = AE6146802087502D00A9E77A /* RequestType.swift */; };
		AE61468320879AD500A9E77A /* Method.swift in Sources */ = {isa = PBXBuildFile; fileRef = AE61468220879AD500A9E77A /* Method.swift */; };
		AE7172A1202CAA0100516D63 /* DataConvertable.swift in Sources */ = {isa = PBXBuildFile; fileRef = AE7172A0202CAA0100516D63 /* DataConvertable.swift */; };
		AE82919F2018ADAF0047E0F0 /* Network.swift in Sources */ = {isa = PBXBuildFile; fileRef = AE8291972018ADAE0047E0F0 /* Network.swift */; };
		AE8291A02018ADAF0047E0F0 /* Wallet.swift in Sources */ = {isa = PBXBuildFile; fileRef = AE8291982018ADAE0047E0F0 /* Wallet.swift */; };
		AE8291A42018ADAF0047E0F0 /* Mnemonic.swift in Sources */ = {isa = PBXBuildFile; fileRef = AE82919C2018ADAF0047E0F0 /* Mnemonic.swift */; };
		AE8291A62018ADAF0047E0F0 /* WordList.swift in Sources */ = {isa = PBXBuildFile; fileRef = AE82919E2018ADAF0047E0F0 /* WordList.swift */; };
		AE8387D720374A0400FAC88F /* HTTPJSONRPCRequest.swift in Sources */ = {isa = PBXBuildFile; fileRef = AE8387D620374A0400FAC88F /* HTTPJSONRPCRequest.swift */; };
		AE8387DC20374A5600FAC88F /* Geth.swift in Sources */ = {isa = PBXBuildFile; fileRef = AE8387DB20374A5600FAC88F /* Geth.swift */; };
		AE8387DE20374C0000FAC88F /* JSONRPC.swift in Sources */ = {isa = PBXBuildFile; fileRef = AE8387DD20374C0000FAC88F /* JSONRPC.swift */; };
		AE8387E62037F55E00FAC88F /* Balance.swift in Sources */ = {isa = PBXBuildFile; fileRef = AE8387E52037F55E00FAC88F /* Balance.swift */; };
		AE8387ED2038041B00FAC88F /* BlockParameter.swift in Sources */ = {isa = PBXBuildFile; fileRef = AE8387EC2038041B00FAC88F /* BlockParameter.swift */; };
		AE8387F7203B131A00FAC88F /* Etherscan.swift in Sources */ = {isa = PBXBuildFile; fileRef = AE8387F6203B131A00FAC88F /* Etherscan.swift */; };
		AE838801203B236300FAC88F /* Transaction.swift in Sources */ = {isa = PBXBuildFile; fileRef = AE838800203B236300FAC88F /* Transaction.swift */; };
		AE90A0781FFA698D005ED7AF /* EthereumKitTests.swift in Sources */ = {isa = PBXBuildFile; fileRef = AE90A0771FFA698D005ED7AF /* EthereumKitTests.swift */; };
		AE90A07A1FFA698D005ED7AF /* EthereumKit.framework in Frameworks */ = {isa = PBXBuildFile; fileRef = AEBA90D51FFA21ED003EA2BA /* EthereumKit.framework */; };
		AEA346CB209CD59C00E53536 /* URLEncodedSerialization.swift in Sources */ = {isa = PBXBuildFile; fileRef = AEA346CA209CD59C00E53536 /* URLEncodedSerialization.swift */; };
		AEA346CD209CD76F00E53536 /* JSONBodySerialization.swift in Sources */ = {isa = PBXBuildFile; fileRef = AEA346CC209CD76F00E53536 /* JSONBodySerialization.swift */; };
		AEB4C5DF20C03D62001D96BF /* MnemonicTests.swift in Sources */ = {isa = PBXBuildFile; fileRef = AEB4C5DE20C03D62001D96BF /* MnemonicTests.swift */; };
		AEBA90DA1FFA21ED003EA2BA /* EthereumKit.h in Headers */ = {isa = PBXBuildFile; fileRef = AEBA90D81FFA21ED003EA2BA /* EthereumKit.h */; settings = {ATTRIBUTES = (Public, ); }; };
		AEBA90F31FFA2C6A003EA2BA /* AppDelegate.swift in Sources */ = {isa = PBXBuildFile; fileRef = AEBA90F21FFA2C6A003EA2BA /* AppDelegate.swift */; };
		AEBA90F51FFA2C6A003EA2BA /* ViewController.swift in Sources */ = {isa = PBXBuildFile; fileRef = AEBA90F41FFA2C6A003EA2BA /* ViewController.swift */; };
		AEBA90F81FFA2C6A003EA2BA /* Main.storyboard in Resources */ = {isa = PBXBuildFile; fileRef = AEBA90F61FFA2C6A003EA2BA /* Main.storyboard */; };
		AEBA90FA1FFA2C6A003EA2BA /* Assets.xcassets in Resources */ = {isa = PBXBuildFile; fileRef = AEBA90F91FFA2C6A003EA2BA /* Assets.xcassets */; };
		AEBA90FD1FFA2C6A003EA2BA /* LaunchScreen.storyboard in Resources */ = {isa = PBXBuildFile; fileRef = AEBA90FB1FFA2C6A003EA2BA /* LaunchScreen.storyboard */; };
		AEBA91041FFA2C74003EA2BA /* EthereumKit.framework in Frameworks */ = {isa = PBXBuildFile; fileRef = AEBA90D51FFA21ED003EA2BA /* EthereumKit.framework */; };
		AEBA91051FFA2C74003EA2BA /* EthereumKit.framework in Embed Frameworks */ = {isa = PBXBuildFile; fileRef = AEBA90D51FFA21ED003EA2BA /* EthereumKit.framework */; settings = {ATTRIBUTES = (CodeSignOnCopy, RemoveHeadersOnCopy, ); }; };
		AEDC134820B90D4100C3B9E8 /* CryptoEthereumSwift.framework in Frameworks */ = {isa = PBXBuildFile; fileRef = AEDC134720B90D4100C3B9E8 /* CryptoEthereumSwift.framework */; };
		AEDC134920B9133F00C3B9E8 /* CryptoEthereumSwift.framework in Frameworks */ = {isa = PBXBuildFile; fileRef = AEDC134720B90D4100C3B9E8 /* CryptoEthereumSwift.framework */; };
		AEDC134A20B9133F00C3B9E8 /* CryptoEthereumSwift.framework in Embed Frameworks */ = {isa = PBXBuildFile; fileRef = AEDC134720B90D4100C3B9E8 /* CryptoEthereumSwift.framework */; settings = {ATTRIBUTES = (CodeSignOnCopy, RemoveHeadersOnCopy, ); }; };
		C014FDB4219A28AB00466668 /* Geth+Contract.swift in Sources */ = {isa = PBXBuildFile; fileRef = C014FDB3219A28AB00466668 /* Geth+Contract.swift */; };
		C014FDB6219A307900466668 /* ERC20+Contract.swift in Sources */ = {isa = PBXBuildFile; fileRef = C014FDB5219A307900466668 /* ERC20+Contract.swift */; };
		D77FB336203DE3D0003213DB /* SMP+Extensions.swift in Sources */ = {isa = PBXBuildFile; fileRef = D77FB335203DE3D0003213DB /* SMP+Extensions.swift */; };
/* End PBXBuildFile section */

/* Begin PBXContainerItemProxy section */
		AE90A07B1FFA698D005ED7AF /* PBXContainerItemProxy */ = {
			isa = PBXContainerItemProxy;
			containerPortal = AEBA90CC1FFA21ED003EA2BA /* Project object */;
			proxyType = 1;
			remoteGlobalIDString = AEBA90D41FFA21ED003EA2BA;
			remoteInfo = WalletKit;
		};
		AE90A0801FFA69D1005ED7AF /* PBXContainerItemProxy */ = {
			isa = PBXContainerItemProxy;
			containerPortal = AEBA90CC1FFA21ED003EA2BA /* Project object */;
			proxyType = 1;
			remoteGlobalIDString = AEBA90EF1FFA2C6A003EA2BA;
			remoteInfo = Example;
		};
		AEBA91061FFA2C74003EA2BA /* PBXContainerItemProxy */ = {
			isa = PBXContainerItemProxy;
			containerPortal = AEBA90CC1FFA21ED003EA2BA /* Project object */;
			proxyType = 1;
			remoteGlobalIDString = AEBA90D41FFA21ED003EA2BA;
			remoteInfo = WalletKit;
		};
/* End PBXContainerItemProxy section */

/* Begin PBXCopyFilesBuildPhase section */
		AEBA91081FFA2C74003EA2BA /* Embed Frameworks */ = {
			isa = PBXCopyFilesBuildPhase;
			buildActionMask = 2147483647;
			dstPath = "";
			dstSubfolderSpec = 10;
			files = (
				AEDC134A20B9133F00C3B9E8 /* CryptoEthereumSwift.framework in Embed Frameworks */,
				AE14A611206F5555003A63FF /* CryptoSwift.framework in Embed Frameworks */,
				AEBA91051FFA2C74003EA2BA /* EthereumKit.framework in Embed Frameworks */,
			);
			name = "Embed Frameworks";
			runOnlyForDeploymentPostprocessing = 0;
		};
/* End PBXCopyFilesBuildPhase section */

/* Begin PBXFileReference section */
		0AA12013206BFE800052AE8B /* CryptoTests.swift */ = {isa = PBXFileReference; lastKnownFileType = sourcecode.swift; path = CryptoTests.swift; sourceTree = "<group>"; };
		1A371090204E8FC0003A40BB /* String+Extension.swift */ = {isa = PBXFileReference; lastKnownFileType = sourcecode.swift; path = "String+Extension.swift"; sourceTree = "<group>"; };
		1A371097205050A6003A40BB /* Converter.swift */ = {isa = PBXFileReference; lastKnownFileType = sourcecode.swift; path = Converter.swift; sourceTree = "<group>"; };
		1A371099205052C1003A40BB /* ConverterTests.swift */ = {isa = PBXFileReference; lastKnownFileType = sourcecode.swift; path = ConverterTests.swift; sourceTree = "<group>"; };
		AE0057172042E4CF007AA468 /* RLP.swift */ = {isa = PBXFileReference; lastKnownFileType = sourcecode.swift; path = RLP.swift; sourceTree = "<group>"; };
		AE0057192048F946007AA468 /* Address.swift */ = {isa = PBXFileReference; lastKnownFileType = sourcecode.swift; path = Address.swift; sourceTree = "<group>"; };
		AE00571D2049482A007AA468 /* EIP155Signer.swift */ = {isa = PBXFileReference; lastKnownFileType = sourcecode.swift; path = EIP155Signer.swift; sourceTree = "<group>"; };
		AE00571F204D7D59007AA468 /* RLPTests.swift */ = {isa = PBXFileReference; lastKnownFileType = sourcecode.swift; path = RLPTests.swift; sourceTree = "<group>"; };
		AE005721204D82A1007AA468 /* EIP155SignerTests.swift */ = {isa = PBXFileReference; lastKnownFileType = sourcecode.swift; path = EIP155SignerTests.swift; sourceTree = "<group>"; };
		AE005723204D852E007AA468 /* AddressTests.swift */ = {isa = PBXFileReference; lastKnownFileType = sourcecode.swift; path = AddressTests.swift; sourceTree = "<group>"; };
		AE005725204EE61D007AA468 /* TransactionSigningTests.swift */ = {isa = PBXFileReference; lastKnownFileType = sourcecode.swift; path = TransactionSigningTests.swift; sourceTree = "<group>"; };
		AE005729205390E1007AA468 /* EthereumKitError.swift */ = {isa = PBXFileReference; lastKnownFileType = sourcecode.swift; path = EthereumKitError.swift; sourceTree = "<group>"; };
		AE00572D205391E2007AA468 /* Configuration.swift */ = {isa = PBXFileReference; lastKnownFileType = sourcecode.swift; path = Configuration.swift; sourceTree = "<group>"; };
		AE00572F20539565007AA468 /* HDPrivateKey.swift */ = {isa = PBXFileReference; lastKnownFileType = sourcecode.swift; path = HDPrivateKey.swift; sourceTree = "<group>"; };
		AE00573120539575007AA468 /* HDPublicKey.swift */ = {isa = PBXFileReference; lastKnownFileType = sourcecode.swift; path = HDPublicKey.swift; sourceTree = "<group>"; };
		AE00573320539993007AA468 /* HDWallet.swift */ = {isa = PBXFileReference; lastKnownFileType = sourcecode.swift; path = HDWallet.swift; sourceTree = "<group>"; };
		AE0057352053A510007AA468 /* PrivateKeyAndPublicKeyTests.swift */ = {isa = PBXFileReference; lastKnownFileType = sourcecode.swift; path = PrivateKeyAndPublicKeyTests.swift; sourceTree = "<group>"; };
		AE0057372053A5E4007AA468 /* WalletTests.swift */ = {isa = PBXFileReference; lastKnownFileType = sourcecode.swift; path = WalletTests.swift; sourceTree = "<group>"; };
		AE1270E820E8B1CA00487956 /* HDPublicKeyTests.swift */ = {isa = PBXFileReference; lastKnownFileType = sourcecode.swift; path = HDPublicKeyTests.swift; sourceTree = "<group>"; };
		AE14A60A206F552D003A63FF /* CryptoSwift.framework */ = {isa = PBXFileReference; lastKnownFileType = wrapper.framework; name = CryptoSwift.framework; path = Carthage/Build/iOS/CryptoSwift.framework; sourceTree = "<group>"; };
		AE14A6232070A98D003A63FF /* English.swift */ = {isa = PBXFileReference; lastKnownFileType = sourcecode.swift; path = English.swift; sourceTree = "<group>"; };
		AE14A6252070A9AE003A63FF /* Japanese.swift */ = {isa = PBXFileReference; lastKnownFileType = sourcecode.swift; path = Japanese.swift; sourceTree = "<group>"; };
		AE1A4B89206558B300346BA2 /* JSONRPCError.swift */ = {isa = PBXFileReference; lastKnownFileType = sourcecode.swift; path = JSONRPCError.swift; sourceTree = "<group>"; };
		AE1A4B8C20655A1F00346BA2 /* Batch.swift */ = {isa = PBXFileReference; lastKnownFileType = sourcecode.swift; path = Batch.swift; sourceTree = "<group>"; };
		AE1A4B8E20655A5200346BA2 /* IDGenerator.swift */ = {isa = PBXFileReference; lastKnownFileType = sourcecode.swift; path = IDGenerator.swift; sourceTree = "<group>"; };
		AE1BF3322028AEA400344FB0 /* PrivateKey.swift */ = {isa = PBXFileReference; lastKnownFileType = sourcecode.swift; path = PrivateKey.swift; sourceTree = "<group>"; };
		AE1BF3342028B17B00344FB0 /* PublicKey.swift */ = {isa = PBXFileReference; lastKnownFileType = sourcecode.swift; path = PublicKey.swift; sourceTree = "<group>"; };
		AE1BF3362028B5B000344FB0 /* Crypto.swift */ = {isa = PBXFileReference; lastKnownFileType = sourcecode.swift; path = Crypto.swift; sourceTree = "<group>"; };
		AE1F8C20208CDA0C0088A043 /* MessageSigningTests.swift */ = {isa = PBXFileReference; lastKnownFileType = sourcecode.swift; path = MessageSigningTests.swift; sourceTree = "<group>"; };
		AE22CA2220A7711A0033FECD /* RawTransaction.swift */ = {isa = PBXFileReference; lastKnownFileType = sourcecode.swift; path = RawTransaction.swift; sourceTree = "<group>"; };
		AE22CA2420A831620033FECD /* SentTransaction.swift */ = {isa = PBXFileReference; lastKnownFileType = sourcecode.swift; path = SentTransaction.swift; sourceTree = "<group>"; };
		AE295DE620615AC500F774A6 /* SMP.swift */ = {isa = PBXFileReference; fileEncoding = 4; lastKnownFileType = sourcecode.swift; path = SMP.swift; sourceTree = "<group>"; };
		AE295DEA20654D8A00F774A6 /* JSONRPCRequest.swift */ = {isa = PBXFileReference; lastKnownFileType = sourcecode.swift; path = JSONRPCRequest.swift; sourceTree = "<group>"; };
		AE295DEC206554E500F774A6 /* BatchElement.swift */ = {isa = PBXFileReference; lastKnownFileType = sourcecode.swift; path = BatchElement.swift; sourceTree = "<group>"; };
		AE295DEE2065551C00F774A6 /* BatchFactory.swift */ = {isa = PBXFileReference; lastKnownFileType = sourcecode.swift; path = BatchFactory.swift; sourceTree = "<group>"; };
		AE354223202D46E400007B80 /* Base58Encode.swift */ = {isa = PBXFileReference; lastKnownFileType = sourcecode.swift; path = Base58Encode.swift; sourceTree = "<group>"; };
		AE35422E20300E4900007B80 /* EIP55.swift */ = {isa = PBXFileReference; lastKnownFileType = sourcecode.swift; path = EIP55.swift; sourceTree = "<group>"; };
		AE3EB60220AC8D3600D61CE6 /* ERC20.swift */ = {isa = PBXFileReference; lastKnownFileType = sourcecode.swift; path = ERC20.swift; sourceTree = "<group>"; };
		AE3EB60620AC941A00D61CE6 /* ERC20Tests.swift */ = {isa = PBXFileReference; lastKnownFileType = sourcecode.swift; path = ERC20Tests.swift; sourceTree = "<group>"; };
		AE4B2E8620EB5DF60080F3EA /* BIP32Tests.swift */ = {isa = PBXFileReference; lastKnownFileType = sourcecode.swift; path = BIP32Tests.swift; sourceTree = "<group>"; };
		AE53C96B20D4CF1C00714EF4 /* NetworkTests.swift */ = {isa = PBXFileReference; lastKnownFileType = sourcecode.swift; path = NetworkTests.swift; sourceTree = "<group>"; };
		AE5EE9BC20DB8425007F9D72 /* BalanceTests.swift */ = {isa = PBXFileReference; lastKnownFileType = sourcecode.swift; path = BalanceTests.swift; sourceTree = "<group>"; };
		AE5EE9BE20DB84C2007F9D72 /* BlockParameterTests.swift */ = {isa = PBXFileReference; lastKnownFileType = sourcecode.swift; path = BlockParameterTests.swift; sourceTree = "<group>"; };
		AE5EE9C020DB8615007F9D72 /* RawTransactionTests.swift */ = {isa = PBXFileReference; lastKnownFileType = sourcecode.swift; path = RawTransactionTests.swift; sourceTree = "<group>"; };
		AE5EE9C220DB86E7007F9D72 /* TransactionTests.swift */ = {isa = PBXFileReference; lastKnownFileType = sourcecode.swift; path = TransactionTests.swift; sourceTree = "<group>"; };
		AE5EE9C420DB882F007F9D72 /* SentTransactionTests.swift */ = {isa = PBXFileReference; lastKnownFileType = sourcecode.swift; path = SentTransactionTests.swift; sourceTree = "<group>"; };
		AE614678208744E600A9E77A /* HTTPClientType.swift */ = {isa = PBXFileReference; lastKnownFileType = sourcecode.swift; path = HTTPClientType.swift; sourceTree = "<group>"; };
		AE61467A20874FBE00A9E77A /* HTTPClient.swift */ = {isa = PBXFileReference; lastKnownFileType = sourcecode.swift; path = HTTPClient.swift; sourceTree = "<group>"; };
		AE61467C20874FE700A9E77A /* Cancellable.swift */ = {isa = PBXFileReference; lastKnownFileType = sourcecode.swift; path = Cancellable.swift; sourceTree = "<group>"; };
		AE61467E2087501000A9E77A /* Result.swift */ = {isa = PBXFileReference; lastKnownFileType = sourcecode.swift; path = Result.swift; sourceTree = "<group>"; };
		AE6146802087502D00A9E77A /* RequestType.swift */ = {isa = PBXFileReference; lastKnownFileType = sourcecode.swift; path = RequestType.swift; sourceTree = "<group>"; };
		AE61468220879AD500A9E77A /* Method.swift */ = {isa = PBXFileReference; lastKnownFileType = sourcecode.swift; path = Method.swift; sourceTree = "<group>"; };
		AE7172A0202CAA0100516D63 /* DataConvertable.swift */ = {isa = PBXFileReference; lastKnownFileType = sourcecode.swift; path = DataConvertable.swift; sourceTree = "<group>"; };
		AE8291972018ADAE0047E0F0 /* Network.swift */ = {isa = PBXFileReference; fileEncoding = 4; lastKnownFileType = sourcecode.swift; path = Network.swift; sourceTree = "<group>"; };
		AE8291982018ADAE0047E0F0 /* Wallet.swift */ = {isa = PBXFileReference; fileEncoding = 4; lastKnownFileType = sourcecode.swift; path = Wallet.swift; sourceTree = "<group>"; };
		AE82919C2018ADAF0047E0F0 /* Mnemonic.swift */ = {isa = PBXFileReference; fileEncoding = 4; lastKnownFileType = sourcecode.swift; path = Mnemonic.swift; sourceTree = "<group>"; };
		AE82919E2018ADAF0047E0F0 /* WordList.swift */ = {isa = PBXFileReference; fileEncoding = 4; lastKnownFileType = sourcecode.swift; path = WordList.swift; sourceTree = "<group>"; };
		AE8387D620374A0400FAC88F /* HTTPJSONRPCRequest.swift */ = {isa = PBXFileReference; lastKnownFileType = sourcecode.swift; path = HTTPJSONRPCRequest.swift; sourceTree = "<group>"; };
		AE8387DB20374A5600FAC88F /* Geth.swift */ = {isa = PBXFileReference; lastKnownFileType = sourcecode.swift; path = Geth.swift; sourceTree = "<group>"; };
		AE8387DD20374C0000FAC88F /* JSONRPC.swift */ = {isa = PBXFileReference; lastKnownFileType = sourcecode.swift; path = JSONRPC.swift; sourceTree = "<group>"; };
		AE8387E52037F55E00FAC88F /* Balance.swift */ = {isa = PBXFileReference; lastKnownFileType = sourcecode.swift; path = Balance.swift; sourceTree = "<group>"; };
		AE8387EC2038041B00FAC88F /* BlockParameter.swift */ = {isa = PBXFileReference; lastKnownFileType = sourcecode.swift; path = BlockParameter.swift; sourceTree = "<group>"; };
		AE8387F6203B131A00FAC88F /* Etherscan.swift */ = {isa = PBXFileReference; lastKnownFileType = sourcecode.swift; path = Etherscan.swift; sourceTree = "<group>"; };
		AE838800203B236300FAC88F /* Transaction.swift */ = {isa = PBXFileReference; lastKnownFileType = sourcecode.swift; path = Transaction.swift; sourceTree = "<group>"; };
		AE90A0751FFA698D005ED7AF /* EthereumKitTests.xctest */ = {isa = PBXFileReference; explicitFileType = wrapper.cfbundle; includeInIndex = 0; path = EthereumKitTests.xctest; sourceTree = BUILT_PRODUCTS_DIR; };
		AE90A0771FFA698D005ED7AF /* EthereumKitTests.swift */ = {isa = PBXFileReference; lastKnownFileType = sourcecode.swift; path = EthereumKitTests.swift; sourceTree = "<group>"; };
		AE90A0791FFA698D005ED7AF /* Info.plist */ = {isa = PBXFileReference; lastKnownFileType = text.plist.xml; path = Info.plist; sourceTree = "<group>"; };
		AEA346CA209CD59C00E53536 /* URLEncodedSerialization.swift */ = {isa = PBXFileReference; lastKnownFileType = sourcecode.swift; path = URLEncodedSerialization.swift; sourceTree = "<group>"; };
		AEA346CC209CD76F00E53536 /* JSONBodySerialization.swift */ = {isa = PBXFileReference; lastKnownFileType = sourcecode.swift; path = JSONBodySerialization.swift; sourceTree = "<group>"; };
		AEB4C5DE20C03D62001D96BF /* MnemonicTests.swift */ = {isa = PBXFileReference; lastKnownFileType = sourcecode.swift; path = MnemonicTests.swift; sourceTree = "<group>"; };
		AEBA90D51FFA21ED003EA2BA /* EthereumKit.framework */ = {isa = PBXFileReference; explicitFileType = wrapper.framework; includeInIndex = 0; path = EthereumKit.framework; sourceTree = BUILT_PRODUCTS_DIR; };
		AEBA90D81FFA21ED003EA2BA /* EthereumKit.h */ = {isa = PBXFileReference; lastKnownFileType = sourcecode.c.h; path = EthereumKit.h; sourceTree = "<group>"; };
		AEBA90D91FFA21ED003EA2BA /* Info.plist */ = {isa = PBXFileReference; lastKnownFileType = text.plist.xml; path = Info.plist; sourceTree = "<group>"; };
		AEBA90F01FFA2C6A003EA2BA /* Example.app */ = {isa = PBXFileReference; explicitFileType = wrapper.application; includeInIndex = 0; path = Example.app; sourceTree = BUILT_PRODUCTS_DIR; };
		AEBA90F21FFA2C6A003EA2BA /* AppDelegate.swift */ = {isa = PBXFileReference; lastKnownFileType = sourcecode.swift; path = AppDelegate.swift; sourceTree = "<group>"; };
		AEBA90F41FFA2C6A003EA2BA /* ViewController.swift */ = {isa = PBXFileReference; lastKnownFileType = sourcecode.swift; path = ViewController.swift; sourceTree = "<group>"; };
		AEBA90F71FFA2C6A003EA2BA /* Base */ = {isa = PBXFileReference; lastKnownFileType = file.storyboard; name = Base; path = Base.lproj/Main.storyboard; sourceTree = "<group>"; };
		AEBA90F91FFA2C6A003EA2BA /* Assets.xcassets */ = {isa = PBXFileReference; lastKnownFileType = folder.assetcatalog; path = Assets.xcassets; sourceTree = "<group>"; };
		AEBA90FC1FFA2C6A003EA2BA /* Base */ = {isa = PBXFileReference; lastKnownFileType = file.storyboard; name = Base; path = Base.lproj/LaunchScreen.storyboard; sourceTree = "<group>"; };
		AEBA90FE1FFA2C6A003EA2BA /* Info.plist */ = {isa = PBXFileReference; lastKnownFileType = text.plist.xml; path = Info.plist; sourceTree = "<group>"; };
		AEDC134720B90D4100C3B9E8 /* CryptoEthereumSwift.framework */ = {isa = PBXFileReference; lastKnownFileType = wrapper.framework; name = CryptoEthereumSwift.framework; path = Carthage/Build/iOS/CryptoEthereumSwift.framework; sourceTree = "<group>"; };
		C014FDB3219A28AB00466668 /* Geth+Contract.swift */ = {isa = PBXFileReference; lastKnownFileType = sourcecode.swift; path = "Geth+Contract.swift"; sourceTree = "<group>"; };
		C014FDB5219A307900466668 /* ERC20+Contract.swift */ = {isa = PBXFileReference; lastKnownFileType = sourcecode.swift; path = "ERC20+Contract.swift"; sourceTree = "<group>"; };
		D77FB335203DE3D0003213DB /* SMP+Extensions.swift */ = {isa = PBXFileReference; lastKnownFileType = sourcecode.swift; path = "SMP+Extensions.swift"; sourceTree = "<group>"; };
/* End PBXFileReference section */

/* Begin PBXFrameworksBuildPhase section */
		AE90A0721FFA698D005ED7AF /* Frameworks */ = {
			isa = PBXFrameworksBuildPhase;
			buildActionMask = 2147483647;
			files = (
				AE90A07A1FFA698D005ED7AF /* EthereumKit.framework in Frameworks */,
			);
			runOnlyForDeploymentPostprocessing = 0;
		};
		AEBA90D11FFA21ED003EA2BA /* Frameworks */ = {
			isa = PBXFrameworksBuildPhase;
			buildActionMask = 2147483647;
			files = (
				AEDC134820B90D4100C3B9E8 /* CryptoEthereumSwift.framework in Frameworks */,
				AE14A60D206F552D003A63FF /* CryptoSwift.framework in Frameworks */,
			);
			runOnlyForDeploymentPostprocessing = 0;
		};
		AEBA90ED1FFA2C6A003EA2BA /* Frameworks */ = {
			isa = PBXFrameworksBuildPhase;
			buildActionMask = 2147483647;
			files = (
				AEDC134920B9133F00C3B9E8 /* CryptoEthereumSwift.framework in Frameworks */,
				AE14A610206F5555003A63FF /* CryptoSwift.framework in Frameworks */,
				AEBA91041FFA2C74003EA2BA /* EthereumKit.framework in Frameworks */,
			);
			runOnlyForDeploymentPostprocessing = 0;
		};
/* End PBXFrameworksBuildPhase section */

/* Begin PBXGroup section */
		1A371092204E8FE0003A40BB /* Extension */ = {
			isa = PBXGroup;
			children = (
				D77FB335203DE3D0003213DB /* SMP+Extensions.swift */,
				1A371090204E8FC0003A40BB /* String+Extension.swift */,
			);
			path = Extension;
			sourceTree = "<group>";
		};
		AE14A607206F550F003A63FF /* Dependency */ = {
			isa = PBXGroup;
			children = (
				AEDC134720B90D4100C3B9E8 /* CryptoEthereumSwift.framework */,
				AE14A60A206F552D003A63FF /* CryptoSwift.framework */,
			);
			name = Dependency;
			sourceTree = "<group>";
		};
		AE1A4B8B2065592700346BA2 /* JSONRPC */ = {
			isa = PBXGroup;
			children = (
				AE1A4B8C20655A1F00346BA2 /* Batch.swift */,
				AE295DEC206554E500F774A6 /* BatchElement.swift */,
				AE295DEE2065551C00F774A6 /* BatchFactory.swift */,
				AE295DEA20654D8A00F774A6 /* JSONRPCRequest.swift */,
				AE1A4B89206558B300346BA2 /* JSONRPCError.swift */,
				AE1A4B8E20655A5200346BA2 /* IDGenerator.swift */,
				AE8387D620374A0400FAC88F /* HTTPJSONRPCRequest.swift */,
			);
			path = JSONRPC;
			sourceTree = "<group>";
		};
		AE8387DA20374A3100FAC88F /* Networking */ = {
			isa = PBXGroup;
			children = (
				AE8387DB20374A5600FAC88F /* Geth.swift */,
				C014FDB3219A28AB00466668 /* Geth+Contract.swift */,
				AE8387F9203B179700FAC88F /* HTTPClient */,
				AE1A4B8B2065592700346BA2 /* JSONRPC */,
				AE8387F8203B167000FAC88F /* Request */,
				AEA346CE209CDA2200E53536 /* Serialization */,
			);
			path = Networking;
			sourceTree = "<group>";
		};
		AE8387E72037F5FF00FAC88F /* Model */ = {
			isa = PBXGroup;
			children = (
				AE0057192048F946007AA468 /* Address.swift */,
				AE8387E52037F55E00FAC88F /* Balance.swift */,
				AE8387EC2038041B00FAC88F /* BlockParameter.swift */,
				AE22CA2220A7711A0033FECD /* RawTransaction.swift */,
				AE838800203B236300FAC88F /* Transaction.swift */,
				AE22CA2420A831620033FECD /* SentTransaction.swift */,
			);
			path = Model;
			sourceTree = "<group>";
		};
		AE8387F8203B167000FAC88F /* Request */ = {
			isa = PBXGroup;
			children = (
				AE8387DD20374C0000FAC88F /* JSONRPC.swift */,
				AE8387F6203B131A00FAC88F /* Etherscan.swift */,
			);
			path = Request;
			sourceTree = "<group>";
		};
		AE8387F9203B179700FAC88F /* HTTPClient */ = {
			isa = PBXGroup;
			children = (
				AE00572D205391E2007AA468 /* Configuration.swift */,
				AE61467A20874FBE00A9E77A /* HTTPClient.swift */,
				AE614678208744E600A9E77A /* HTTPClientType.swift */,
				AE6146802087502D00A9E77A /* RequestType.swift */,
				AE61468220879AD500A9E77A /* Method.swift */,
				AE61467C20874FE700A9E77A /* Cancellable.swift */,
			);
			path = HTTPClient;
			sourceTree = "<group>";
		};
		AE838802203B271600FAC88F /* Helper */ = {
			isa = PBXGroup;
			children = (
				AE295DE620615AC500F774A6 /* SMP.swift */,
				AE8291972018ADAE0047E0F0 /* Network.swift */,
				AE1BF3362028B5B000344FB0 /* Crypto.swift */,
				AE35422E20300E4900007B80 /* EIP55.swift */,
				AE354223202D46E400007B80 /* Base58Encode.swift */,
				AE0057172042E4CF007AA468 /* RLP.swift */,
				AE00571D2049482A007AA468 /* EIP155Signer.swift */,
				AE7172A0202CAA0100516D63 /* DataConvertable.swift */,
				1A371097205050A6003A40BB /* Converter.swift */,
				AE005729205390E1007AA468 /* EthereumKitError.swift */,
				AE61467E2087501000A9E77A /* Result.swift */,
				AE3EB60220AC8D3600D61CE6 /* ERC20.swift */,
				C014FDB5219A307900466668 /* ERC20+Contract.swift */,
			);
			path = Helper;
			sourceTree = "<group>";
		};
		AE838803203B272200FAC88F /* Mnemonic */ = {
			isa = PBXGroup;
			children = (
				AE82919C2018ADAF0047E0F0 /* Mnemonic.swift */,
				AE82919E2018ADAF0047E0F0 /* WordList.swift */,
				AE14A6232070A98D003A63FF /* English.swift */,
				AE14A6252070A9AE003A63FF /* Japanese.swift */,
			);
			path = Mnemonic;
			sourceTree = "<group>";
		};
		AE838804203B272E00FAC88F /* Wallet */ = {
			isa = PBXGroup;
			children = (
				AE8291982018ADAE0047E0F0 /* Wallet.swift */,
				AE00573320539993007AA468 /* HDWallet.swift */,
			);
			path = Wallet;
			sourceTree = "<group>";
		};
		AE838805203B274600FAC88F /* Key */ = {
			isa = PBXGroup;
			children = (
				AE1BF3322028AEA400344FB0 /* PrivateKey.swift */,
				AE1BF3342028B17B00344FB0 /* PublicKey.swift */,
				AE00572F20539565007AA468 /* HDPrivateKey.swift */,
				AE00573120539575007AA468 /* HDPublicKey.swift */,
			);
			path = Key;
			sourceTree = "<group>";
		};
		AE90A0761FFA698D005ED7AF /* EthereumKitTests */ = {
			isa = PBXGroup;
			children = (
				AE90A0771FFA698D005ED7AF /* EthereumKitTests.swift */,
				AE53C96B20D4CF1C00714EF4 /* NetworkTests.swift */,
				0AA12013206BFE800052AE8B /* CryptoTests.swift */,
				AE0057372053A5E4007AA468 /* WalletTests.swift */,
				AE0057352053A510007AA468 /* PrivateKeyAndPublicKeyTests.swift */,
				AE1270E820E8B1CA00487956 /* HDPublicKeyTests.swift */,
				AE00571F204D7D59007AA468 /* RLPTests.swift */,
				AE005721204D82A1007AA468 /* EIP155SignerTests.swift */,
				AE005723204D852E007AA468 /* AddressTests.swift */,
				AE005725204EE61D007AA468 /* TransactionSigningTests.swift */,
				AE1F8C20208CDA0C0088A043 /* MessageSigningTests.swift */,
				1A371099205052C1003A40BB /* ConverterTests.swift */,
				AE3EB60620AC941A00D61CE6 /* ERC20Tests.swift */,
				AEB4C5DE20C03D62001D96BF /* MnemonicTests.swift */,
				AE5EE9BC20DB8425007F9D72 /* BalanceTests.swift */,
				AE5EE9BE20DB84C2007F9D72 /* BlockParameterTests.swift */,
				AE5EE9C020DB8615007F9D72 /* RawTransactionTests.swift */,
				AE5EE9C220DB86E7007F9D72 /* TransactionTests.swift */,
				AE4B2E8620EB5DF60080F3EA /* BIP32Tests.swift */,
				AE5EE9C420DB882F007F9D72 /* SentTransactionTests.swift */,
				AE90A0791FFA698D005ED7AF /* Info.plist */,
			);
			path = EthereumKitTests;
			sourceTree = "<group>";
		};
		AEA346CE209CDA2200E53536 /* Serialization */ = {
			isa = PBXGroup;
			children = (
				AEA346CA209CD59C00E53536 /* URLEncodedSerialization.swift */,
				AEA346CC209CD76F00E53536 /* JSONBodySerialization.swift */,
			);
			path = Serialization;
			sourceTree = "<group>";
		};
		AEBA90CB1FFA21ED003EA2BA = {
			isa = PBXGroup;
			children = (
				AEBA90D71FFA21ED003EA2BA /* EthereumKit */,
				AE90A0761FFA698D005ED7AF /* EthereumKitTests */,
				AEBA90F11FFA2C6A003EA2BA /* Example */,
				AE14A607206F550F003A63FF /* Dependency */,
				AEBA90D61FFA21ED003EA2BA /* Products */,
			);
			sourceTree = "<group>";
		};
		AEBA90D61FFA21ED003EA2BA /* Products */ = {
			isa = PBXGroup;
			children = (
				AEBA90D51FFA21ED003EA2BA /* EthereumKit.framework */,
				AEBA90F01FFA2C6A003EA2BA /* Example.app */,
				AE90A0751FFA698D005ED7AF /* EthereumKitTests.xctest */,
			);
			name = Products;
			sourceTree = "<group>";
		};
		AEBA90D71FFA21ED003EA2BA /* EthereumKit */ = {
			isa = PBXGroup;
			children = (
				AE8387DA20374A3100FAC88F /* Networking */,
				AE838804203B272E00FAC88F /* Wallet */,
				AE838803203B272200FAC88F /* Mnemonic */,
				AE838805203B274600FAC88F /* Key */,
				AE8387E72037F5FF00FAC88F /* Model */,
				AE838802203B271600FAC88F /* Helper */,
				1A371092204E8FE0003A40BB /* Extension */,
				AEBA90D81FFA21ED003EA2BA /* EthereumKit.h */,
				AEBA90D91FFA21ED003EA2BA /* Info.plist */,
			);
			path = EthereumKit;
			sourceTree = "<group>";
		};
		AEBA90F11FFA2C6A003EA2BA /* Example */ = {
			isa = PBXGroup;
			children = (
				AEBA90F21FFA2C6A003EA2BA /* AppDelegate.swift */,
				AEBA90F41FFA2C6A003EA2BA /* ViewController.swift */,
				AEBA90F61FFA2C6A003EA2BA /* Main.storyboard */,
				AEBA90F91FFA2C6A003EA2BA /* Assets.xcassets */,
				AEBA90FB1FFA2C6A003EA2BA /* LaunchScreen.storyboard */,
				AEBA90FE1FFA2C6A003EA2BA /* Info.plist */,
			);
			path = Example;
			sourceTree = "<group>";
		};
/* End PBXGroup section */

/* Begin PBXHeadersBuildPhase section */
		AEBA90D21FFA21ED003EA2BA /* Headers */ = {
			isa = PBXHeadersBuildPhase;
			buildActionMask = 2147483647;
			files = (
				AEBA90DA1FFA21ED003EA2BA /* EthereumKit.h in Headers */,
			);
			runOnlyForDeploymentPostprocessing = 0;
		};
/* End PBXHeadersBuildPhase section */

/* Begin PBXNativeTarget section */
		AE90A0741FFA698D005ED7AF /* EthereumKitTests */ = {
			isa = PBXNativeTarget;
			buildConfigurationList = AE90A07F1FFA698D005ED7AF /* Build configuration list for PBXNativeTarget "EthereumKitTests" */;
			buildPhases = (
				AE90A0711FFA698D005ED7AF /* Sources */,
				AE90A0721FFA698D005ED7AF /* Frameworks */,
				AE90A0731FFA698D005ED7AF /* Resources */,
			);
			buildRules = (
			);
			dependencies = (
				AE90A07C1FFA698D005ED7AF /* PBXTargetDependency */,
				AE90A0811FFA69D1005ED7AF /* PBXTargetDependency */,
			);
			name = EthereumKitTests;
			productName = WalletKitTests;
			productReference = AE90A0751FFA698D005ED7AF /* EthereumKitTests.xctest */;
			productType = "com.apple.product-type.bundle.unit-test";
		};
		AEBA90D41FFA21ED003EA2BA /* EthereumKit */ = {
			isa = PBXNativeTarget;
			buildConfigurationList = AEBA90DD1FFA21ED003EA2BA /* Build configuration list for PBXNativeTarget "EthereumKit" */;
			buildPhases = (
				AE1A4B9020657C8800346BA2 /* Swiftlint */,
				AEBA90D01FFA21ED003EA2BA /* Sources */,
				AEBA90D11FFA21ED003EA2BA /* Frameworks */,
				AEBA90D21FFA21ED003EA2BA /* Headers */,
				AEBA90D31FFA21ED003EA2BA /* Resources */,
			);
			buildRules = (
			);
			dependencies = (
			);
			name = EthereumKit;
			productName = WalletKit;
			productReference = AEBA90D51FFA21ED003EA2BA /* EthereumKit.framework */;
			productType = "com.apple.product-type.framework";
		};
		AEBA90EF1FFA2C6A003EA2BA /* Example */ = {
			isa = PBXNativeTarget;
			buildConfigurationList = AEBA90FF1FFA2C6A003EA2BA /* Build configuration list for PBXNativeTarget "Example" */;
			buildPhases = (
				AEBA90EC1FFA2C6A003EA2BA /* Sources */,
				AEBA90ED1FFA2C6A003EA2BA /* Frameworks */,
				AEBA90EE1FFA2C6A003EA2BA /* Resources */,
				AEBA91081FFA2C74003EA2BA /* Embed Frameworks */,
			);
			buildRules = (
			);
			dependencies = (
				AEBA91071FFA2C74003EA2BA /* PBXTargetDependency */,
			);
			name = Example;
			productName = Example;
			productReference = AEBA90F01FFA2C6A003EA2BA /* Example.app */;
			productType = "com.apple.product-type.application";
		};
/* End PBXNativeTarget section */

/* Begin PBXProject section */
		AEBA90CC1FFA21ED003EA2BA /* Project object */ = {
			isa = PBXProject;
			attributes = {
				LastSwiftUpdateCheck = 0920;
				LastUpgradeCheck = 0930;
				ORGANIZATIONNAME = yuzushioh;
				TargetAttributes = {
					AE90A0741FFA698D005ED7AF = {
						CreatedOnToolsVersion = 9.2;
						LastSwiftMigration = 1000;
						ProvisioningStyle = Automatic;
						TestTargetID = AEBA90EF1FFA2C6A003EA2BA;
					};
					AEBA90D41FFA21ED003EA2BA = {
						CreatedOnToolsVersion = 9.2;
						LastSwiftMigration = 1000;
						ProvisioningStyle = Manual;
					};
					AEBA90EF1FFA2C6A003EA2BA = {
						CreatedOnToolsVersion = 9.2;
						LastSwiftMigration = 1000;
						ProvisioningStyle = Manual;
					};
				};
			};
			buildConfigurationList = AEBA90CF1FFA21ED003EA2BA /* Build configuration list for PBXProject "EthereumKit" */;
			compatibilityVersion = "Xcode 8.0";
			developmentRegion = en;
			hasScannedForEncodings = 0;
			knownRegions = (
				en,
				Base,
			);
			mainGroup = AEBA90CB1FFA21ED003EA2BA;
			productRefGroup = AEBA90D61FFA21ED003EA2BA /* Products */;
			projectDirPath = "";
			projectRoot = "";
			targets = (
				AEBA90D41FFA21ED003EA2BA /* EthereumKit */,
				AEBA90EF1FFA2C6A003EA2BA /* Example */,
				AE90A0741FFA698D005ED7AF /* EthereumKitTests */,
			);
		};
/* End PBXProject section */

/* Begin PBXResourcesBuildPhase section */
		AE90A0731FFA698D005ED7AF /* Resources */ = {
			isa = PBXResourcesBuildPhase;
			buildActionMask = 2147483647;
			files = (
			);
			runOnlyForDeploymentPostprocessing = 0;
		};
		AEBA90D31FFA21ED003EA2BA /* Resources */ = {
			isa = PBXResourcesBuildPhase;
			buildActionMask = 2147483647;
			files = (
			);
			runOnlyForDeploymentPostprocessing = 0;
		};
		AEBA90EE1FFA2C6A003EA2BA /* Resources */ = {
			isa = PBXResourcesBuildPhase;
			buildActionMask = 2147483647;
			files = (
				AEBA90FD1FFA2C6A003EA2BA /* LaunchScreen.storyboard in Resources */,
				AEBA90FA1FFA2C6A003EA2BA /* Assets.xcassets in Resources */,
				AEBA90F81FFA2C6A003EA2BA /* Main.storyboard in Resources */,
			);
			runOnlyForDeploymentPostprocessing = 0;
		};
/* End PBXResourcesBuildPhase section */

/* Begin PBXShellScriptBuildPhase section */
		AE1A4B9020657C8800346BA2 /* Swiftlint */ = {
			isa = PBXShellScriptBuildPhase;
			buildActionMask = 2147483647;
			files = (
			);
			inputPaths = (
			);
			name = Swiftlint;
			outputPaths = (
			);
			runOnlyForDeploymentPostprocessing = 0;
			shellPath = /bin/sh;
			shellScript = "if which swiftlint >/dev/null; then\n    git ls-files -mo --exclude-standard | grep \\.swift$ | xargs -I{} swiftlint autocorrect --path {}\nelse\n    echo \"warning: SwiftLint not installed, download from https://github.com/realm/SwiftLint\"\nfi\n";
		};
/* End PBXShellScriptBuildPhase section */

/* Begin PBXSourcesBuildPhase section */
		AE90A0711FFA698D005ED7AF /* Sources */ = {
			isa = PBXSourcesBuildPhase;
			buildActionMask = 2147483647;
			files = (
				AE005726204EE61D007AA468 /* TransactionSigningTests.swift in Sources */,
				AE0057382053A5E4007AA468 /* WalletTests.swift in Sources */,
				AEB4C5DF20C03D62001D96BF /* MnemonicTests.swift in Sources */,
				AE5EE9C320DB86E7007F9D72 /* TransactionTests.swift in Sources */,
				AE005720204D7D59007AA468 /* RLPTests.swift in Sources */,
				AE0057362053A510007AA468 /* PrivateKeyAndPublicKeyTests.swift in Sources */,
				AE4B2E8720EB5DF60080F3EA /* BIP32Tests.swift in Sources */,
				AE5EE9C520DB882F007F9D72 /* SentTransactionTests.swift in Sources */,
				0AA12014206BFE800052AE8B /* CryptoTests.swift in Sources */,
				AE53C96C20D4CF1C00714EF4 /* NetworkTests.swift in Sources */,
				AE5EE9C120DB8615007F9D72 /* RawTransactionTests.swift in Sources */,
				AE1F8C21208CDA0C0088A043 /* MessageSigningTests.swift in Sources */,
				AE1270E920E8B1CA00487956 /* HDPublicKeyTests.swift in Sources */,
				AE5EE9BF20DB84C2007F9D72 /* BlockParameterTests.swift in Sources */,
				AE5EE9BD20DB8425007F9D72 /* BalanceTests.swift in Sources */,
				AE3EB60720AC941A00D61CE6 /* ERC20Tests.swift in Sources */,
				AE90A0781FFA698D005ED7AF /* EthereumKitTests.swift in Sources */,
				AE005724204D852E007AA468 /* AddressTests.swift in Sources */,
				1A37109A205052C1003A40BB /* ConverterTests.swift in Sources */,
				AE005722204D82A1007AA468 /* EIP155SignerTests.swift in Sources */,
			);
			runOnlyForDeploymentPostprocessing = 0;
		};
		AEBA90D01FFA21ED003EA2BA /* Sources */ = {
			isa = PBXSourcesBuildPhase;
			buildActionMask = 2147483647;
			files = (
				AE3EB60320AC8D3600D61CE6 /* ERC20.swift in Sources */,
				AE00573220539575007AA468 /* HDPublicKey.swift in Sources */,
				AE00573420539993007AA468 /* HDWallet.swift in Sources */,
				AE8291A02018ADAF0047E0F0 /* Wallet.swift in Sources */,
				1A371098205050A6003A40BB /* Converter.swift in Sources */,
				AE1A4B8F20655A5200346BA2 /* IDGenerator.swift in Sources */,
				AE7172A1202CAA0100516D63 /* DataConvertable.swift in Sources */,
				AE61467F2087501000A9E77A /* Result.swift in Sources */,
				AE35422F20300E4900007B80 /* EIP55.swift in Sources */,
				AE8387D720374A0400FAC88F /* HTTPJSONRPCRequest.swift in Sources */,
				D77FB336203DE3D0003213DB /* SMP+Extensions.swift in Sources */,
				AE295DE720615AC500F774A6 /* SMP.swift in Sources */,
				AE00573020539565007AA468 /* HDPrivateKey.swift in Sources */,
				AE354224202D46E400007B80 /* Base58Encode.swift in Sources */,
				AE82919F2018ADAF0047E0F0 /* Network.swift in Sources */,
				AE61468320879AD500A9E77A /* Method.swift in Sources */,
				AE22CA2320A7711A0033FECD /* RawTransaction.swift in Sources */,
				AE614679208744E600A9E77A /* HTTPClientType.swift in Sources */,
				AE00571E2049482A007AA468 /* EIP155Signer.swift in Sources */,
				AE295DED206554E500F774A6 /* BatchElement.swift in Sources */,
				C014FDB6219A307900466668 /* ERC20+Contract.swift in Sources */,
				AE8291A62018ADAF0047E0F0 /* WordList.swift in Sources */,
				AE61467D20874FE700A9E77A /* Cancellable.swift in Sources */,
				AE0057182042E4CF007AA468 /* RLP.swift in Sources */,
				AE61467B20874FBE00A9E77A /* HTTPClient.swift in Sources */,
				AE838801203B236300FAC88F /* Transaction.swift in Sources */,
				AE8387DE20374C0000FAC88F /* JSONRPC.swift in Sources */,
				AE00572A205390E1007AA468 /* EthereumKitError.swift in Sources */,
				AE8291A42018ADAF0047E0F0 /* Mnemonic.swift in Sources */,
				AE295DEF2065551C00F774A6 /* BatchFactory.swift in Sources */,
				C014FDB4219A28AB00466668 /* Geth+Contract.swift in Sources */,
				AE8387F7203B131A00FAC88F /* Etherscan.swift in Sources */,
				AEA346CB209CD59C00E53536 /* URLEncodedSerialization.swift in Sources */,
				AE8387E62037F55E00FAC88F /* Balance.swift in Sources */,
				AE00572E205391E2007AA468 /* Configuration.swift in Sources */,
				AE1A4B8A206558B300346BA2 /* JSONRPCError.swift in Sources */,
				AE8387ED2038041B00FAC88F /* BlockParameter.swift in Sources */,
				AE14A6262070A9AE003A63FF /* Japanese.swift in Sources */,
				AE1A4B8D20655A1F00346BA2 /* Batch.swift in Sources */,
				AE14A6242070A98D003A63FF /* English.swift in Sources */,
				AE1BF3352028B17B00344FB0 /* PublicKey.swift in Sources */,
				AE00571A2048F946007AA468 /* Address.swift in Sources */,
				AE1BF3372028B5B000344FB0 /* Crypto.swift in Sources */,
				AE1BF3332028AEA400344FB0 /* PrivateKey.swift in Sources */,
				AE6146812087502D00A9E77A /* RequestType.swift in Sources */,
				AE295DEB20654D8B00F774A6 /* JSONRPCRequest.swift in Sources */,
				1A371091204E8FC0003A40BB /* String+Extension.swift in Sources */,
				AE8387DC20374A5600FAC88F /* Geth.swift in Sources */,
				AEA346CD209CD76F00E53536 /* JSONBodySerialization.swift in Sources */,
				AE22CA2520A831620033FECD /* SentTransaction.swift in Sources */,
			);
			runOnlyForDeploymentPostprocessing = 0;
		};
		AEBA90EC1FFA2C6A003EA2BA /* Sources */ = {
			isa = PBXSourcesBuildPhase;
			buildActionMask = 2147483647;
			files = (
				AEBA90F51FFA2C6A003EA2BA /* ViewController.swift in Sources */,
				AEBA90F31FFA2C6A003EA2BA /* AppDelegate.swift in Sources */,
			);
			runOnlyForDeploymentPostprocessing = 0;
		};
/* End PBXSourcesBuildPhase section */

/* Begin PBXTargetDependency section */
		AE90A07C1FFA698D005ED7AF /* PBXTargetDependency */ = {
			isa = PBXTargetDependency;
			target = AEBA90D41FFA21ED003EA2BA /* EthereumKit */;
			targetProxy = AE90A07B1FFA698D005ED7AF /* PBXContainerItemProxy */;
		};
		AE90A0811FFA69D1005ED7AF /* PBXTargetDependency */ = {
			isa = PBXTargetDependency;
			target = AEBA90EF1FFA2C6A003EA2BA /* Example */;
			targetProxy = AE90A0801FFA69D1005ED7AF /* PBXContainerItemProxy */;
		};
		AEBA91071FFA2C74003EA2BA /* PBXTargetDependency */ = {
			isa = PBXTargetDependency;
			target = AEBA90D41FFA21ED003EA2BA /* EthereumKit */;
			targetProxy = AEBA91061FFA2C74003EA2BA /* PBXContainerItemProxy */;
		};
/* End PBXTargetDependency section */

/* Begin PBXVariantGroup section */
		AEBA90F61FFA2C6A003EA2BA /* Main.storyboard */ = {
			isa = PBXVariantGroup;
			children = (
				AEBA90F71FFA2C6A003EA2BA /* Base */,
			);
			name = Main.storyboard;
			sourceTree = "<group>";
		};
		AEBA90FB1FFA2C6A003EA2BA /* LaunchScreen.storyboard */ = {
			isa = PBXVariantGroup;
			children = (
				AEBA90FC1FFA2C6A003EA2BA /* Base */,
			);
			name = LaunchScreen.storyboard;
			sourceTree = "<group>";
		};
/* End PBXVariantGroup section */

/* Begin XCBuildConfiguration section */
		AE90A07D1FFA698D005ED7AF /* Debug */ = {
			isa = XCBuildConfiguration;
			buildSettings = {
				CODE_SIGN_STYLE = Automatic;
				DEVELOPMENT_TEAM = "";
				FRAMEWORK_SEARCH_PATHS = (
					"$(inherited)",
					"$(PROJECT_DIR)/Carthage/Build/iOS",
				);
				HEADER_SEARCH_PATHS = "$(SRCROOT)/Libraries/crypto/include";
				INFOPLIST_FILE = EthereumKitTests/Info.plist;
				IPHONEOS_DEPLOYMENT_TARGET = 11.2;
				LD_RUNPATH_SEARCH_PATHS = "$(inherited) @executable_path/Frameworks @loader_path/Frameworks";
				PRODUCT_BUNDLE_IDENTIFIER = yuzushioh.EthereumKitTests;
				PRODUCT_NAME = "$(TARGET_NAME)";
				SWIFT_VERSION = 4.2;
				TARGETED_DEVICE_FAMILY = "1,2";
				TEST_HOST = "$(BUILT_PRODUCTS_DIR)/Example.app/Example";
			};
			name = Debug;
		};
		AE90A07E1FFA698D005ED7AF /* Release */ = {
			isa = XCBuildConfiguration;
			buildSettings = {
				CODE_SIGN_STYLE = Automatic;
				DEVELOPMENT_TEAM = "";
				FRAMEWORK_SEARCH_PATHS = (
					"$(inherited)",
					"$(PROJECT_DIR)/Carthage/Build/iOS",
				);
				HEADER_SEARCH_PATHS = "$(SRCROOT)/Libraries/crypto/include";
				INFOPLIST_FILE = EthereumKitTests/Info.plist;
				IPHONEOS_DEPLOYMENT_TARGET = 11.2;
				LD_RUNPATH_SEARCH_PATHS = "$(inherited) @executable_path/Frameworks @loader_path/Frameworks";
				PRODUCT_BUNDLE_IDENTIFIER = yuzushioh.EthereumKitTests;
				PRODUCT_NAME = "$(TARGET_NAME)";
				SWIFT_VERSION = 4.2;
				TARGETED_DEVICE_FAMILY = "1,2";
				TEST_HOST = "$(BUILT_PRODUCTS_DIR)/Example.app/Example";
			};
			name = Release;
		};
		AEBA90DB1FFA21ED003EA2BA /* Debug */ = {
			isa = XCBuildConfiguration;
			buildSettings = {
				ALWAYS_SEARCH_USER_PATHS = NO;
				CLANG_ANALYZER_NONNULL = YES;
				CLANG_ANALYZER_NUMBER_OBJECT_CONVERSION = YES_AGGRESSIVE;
				CLANG_CXX_LANGUAGE_STANDARD = "gnu++14";
				CLANG_CXX_LIBRARY = "libc++";
				CLANG_ENABLE_MODULES = YES;
				CLANG_ENABLE_OBJC_ARC = YES;
				CLANG_WARN_BLOCK_CAPTURE_AUTORELEASING = YES;
				CLANG_WARN_BOOL_CONVERSION = YES;
				CLANG_WARN_COMMA = YES;
				CLANG_WARN_CONSTANT_CONVERSION = YES;
				CLANG_WARN_DEPRECATED_OBJC_IMPLEMENTATIONS = YES;
				CLANG_WARN_DIRECT_OBJC_ISA_USAGE = YES_ERROR;
				CLANG_WARN_DOCUMENTATION_COMMENTS = YES;
				CLANG_WARN_EMPTY_BODY = YES;
				CLANG_WARN_ENUM_CONVERSION = YES;
				CLANG_WARN_INFINITE_RECURSION = YES;
				CLANG_WARN_INT_CONVERSION = YES;
				CLANG_WARN_NON_LITERAL_NULL_CONVERSION = YES;
				CLANG_WARN_OBJC_IMPLICIT_RETAIN_SELF = YES;
				CLANG_WARN_OBJC_LITERAL_CONVERSION = YES;
				CLANG_WARN_OBJC_ROOT_CLASS = YES_ERROR;
				CLANG_WARN_RANGE_LOOP_ANALYSIS = YES;
				CLANG_WARN_STRICT_PROTOTYPES = YES;
				CLANG_WARN_SUSPICIOUS_MOVE = YES;
				CLANG_WARN_UNGUARDED_AVAILABILITY = YES_AGGRESSIVE;
				CLANG_WARN_UNREACHABLE_CODE = YES;
				CLANG_WARN__DUPLICATE_METHOD_MATCH = YES;
				CODE_SIGN_IDENTITY = "iPhone Developer";
				COPY_PHASE_STRIP = NO;
				CURRENT_PROJECT_VERSION = 1;
				DEBUG_INFORMATION_FORMAT = dwarf;
				ENABLE_STRICT_OBJC_MSGSEND = YES;
				ENABLE_TESTABILITY = YES;
				GCC_C_LANGUAGE_STANDARD = gnu11;
				GCC_DYNAMIC_NO_PIC = NO;
				GCC_NO_COMMON_BLOCKS = YES;
				GCC_OPTIMIZATION_LEVEL = 0;
				GCC_PREPROCESSOR_DEFINITIONS = (
					"DEBUG=1",
					"$(inherited)",
				);
				GCC_WARN_64_TO_32_BIT_CONVERSION = YES;
				GCC_WARN_ABOUT_RETURN_TYPE = YES_ERROR;
				GCC_WARN_UNDECLARED_SELECTOR = YES;
				GCC_WARN_UNINITIALIZED_AUTOS = YES_AGGRESSIVE;
				GCC_WARN_UNUSED_FUNCTION = YES;
				GCC_WARN_UNUSED_VARIABLE = YES;
				IPHONEOS_DEPLOYMENT_TARGET = 9.0;
				MODULEMAP_FILE = "";
				MODULEMAP_PRIVATE_FILE = "";
				MTL_ENABLE_DEBUG_INFO = YES;
				ONLY_ACTIVE_ARCH = YES;
				SDKROOT = iphoneos;
				SWIFT_ACTIVE_COMPILATION_CONDITIONS = DEBUG;
				SWIFT_INCLUDE_PATHS = "$(SRCROOT)/EthereumKit/ModuleMap $(SRCROOT)/Libraries";
				SWIFT_OPTIMIZATION_LEVEL = "-Onone";
				VERSIONING_SYSTEM = "apple-generic";
				VERSION_INFO_PREFIX = "";
			};
			name = Debug;
		};
		AEBA90DC1FFA21ED003EA2BA /* Release */ = {
			isa = XCBuildConfiguration;
			buildSettings = {
				ALWAYS_SEARCH_USER_PATHS = NO;
				CLANG_ANALYZER_NONNULL = YES;
				CLANG_ANALYZER_NUMBER_OBJECT_CONVERSION = YES_AGGRESSIVE;
				CLANG_CXX_LANGUAGE_STANDARD = "gnu++14";
				CLANG_CXX_LIBRARY = "libc++";
				CLANG_ENABLE_MODULES = YES;
				CLANG_ENABLE_OBJC_ARC = YES;
				CLANG_WARN_BLOCK_CAPTURE_AUTORELEASING = YES;
				CLANG_WARN_BOOL_CONVERSION = YES;
				CLANG_WARN_COMMA = YES;
				CLANG_WARN_CONSTANT_CONVERSION = YES;
				CLANG_WARN_DEPRECATED_OBJC_IMPLEMENTATIONS = YES;
				CLANG_WARN_DIRECT_OBJC_ISA_USAGE = YES_ERROR;
				CLANG_WARN_DOCUMENTATION_COMMENTS = YES;
				CLANG_WARN_EMPTY_BODY = YES;
				CLANG_WARN_ENUM_CONVERSION = YES;
				CLANG_WARN_INFINITE_RECURSION = YES;
				CLANG_WARN_INT_CONVERSION = YES;
				CLANG_WARN_NON_LITERAL_NULL_CONVERSION = YES;
				CLANG_WARN_OBJC_IMPLICIT_RETAIN_SELF = YES;
				CLANG_WARN_OBJC_LITERAL_CONVERSION = YES;
				CLANG_WARN_OBJC_ROOT_CLASS = YES_ERROR;
				CLANG_WARN_RANGE_LOOP_ANALYSIS = YES;
				CLANG_WARN_STRICT_PROTOTYPES = YES;
				CLANG_WARN_SUSPICIOUS_MOVE = YES;
				CLANG_WARN_UNGUARDED_AVAILABILITY = YES_AGGRESSIVE;
				CLANG_WARN_UNREACHABLE_CODE = YES;
				CLANG_WARN__DUPLICATE_METHOD_MATCH = YES;
				CODE_SIGN_IDENTITY = "iPhone Developer";
				COPY_PHASE_STRIP = NO;
				CURRENT_PROJECT_VERSION = 1;
				DEBUG_INFORMATION_FORMAT = "dwarf-with-dsym";
				ENABLE_NS_ASSERTIONS = NO;
				ENABLE_STRICT_OBJC_MSGSEND = YES;
				GCC_C_LANGUAGE_STANDARD = gnu11;
				GCC_NO_COMMON_BLOCKS = YES;
				GCC_WARN_64_TO_32_BIT_CONVERSION = YES;
				GCC_WARN_ABOUT_RETURN_TYPE = YES_ERROR;
				GCC_WARN_UNDECLARED_SELECTOR = YES;
				GCC_WARN_UNINITIALIZED_AUTOS = YES_AGGRESSIVE;
				GCC_WARN_UNUSED_FUNCTION = YES;
				GCC_WARN_UNUSED_VARIABLE = YES;
				IPHONEOS_DEPLOYMENT_TARGET = 9.0;
				MODULEMAP_FILE = "";
				MODULEMAP_PRIVATE_FILE = "";
				MTL_ENABLE_DEBUG_INFO = NO;
				SDKROOT = iphoneos;
				SWIFT_INCLUDE_PATHS = "$(SRCROOT)/EthereumKit/ModuleMap $(SRCROOT)/Libraries";
				SWIFT_OPTIMIZATION_LEVEL = "-Owholemodule";
				VALIDATE_PRODUCT = YES;
				VERSIONING_SYSTEM = "apple-generic";
				VERSION_INFO_PREFIX = "";
			};
			name = Release;
		};
		AEBA90DE1FFA21ED003EA2BA /* Debug */ = {
			isa = XCBuildConfiguration;
			buildSettings = {
				CLANG_ENABLE_MODULES = YES;
				CODE_SIGN_IDENTITY = "";
				CODE_SIGN_STYLE = Manual;
				DEFINES_MODULE = YES;
				DEVELOPMENT_TEAM = "";
				DYLIB_COMPATIBILITY_VERSION = 1;
				DYLIB_CURRENT_VERSION = 1;
				DYLIB_INSTALL_NAME_BASE = "@rpath";
				FRAMEWORK_SEARCH_PATHS = "$(PROJECT_DIR)/Carthage/Build/iOS";
				HEADER_SEARCH_PATHS = "";
				INFOPLIST_FILE = "$(SRCROOT)/EthereumKit/Info.plist";
				INSTALL_PATH = "$(LOCAL_LIBRARY_DIR)/Frameworks";
				IPHONEOS_DEPLOYMENT_TARGET = 9.0;
				LD_RUNPATH_SEARCH_PATHS = "$(inherited) @executable_path/Frameworks @loader_path/Frameworks";
				LIBRARY_SEARCH_PATHS = "";
				MODULEMAP_FILE = "";
				PRODUCT_BUNDLE_IDENTIFIER = yuzushioh.EthereumKit;
				PRODUCT_NAME = "$(TARGET_NAME:c99extidentifier)";
				PROVISIONING_PROFILE_SPECIFIER = "";
				SKIP_INSTALL = YES;
				SWIFT_INCLUDE_PATHS = "";
				SWIFT_OBJC_BRIDGING_HEADER = "";
				SWIFT_OPTIMIZATION_LEVEL = "-Onone";
				SWIFT_VERSION = 4.2;
				TARGETED_DEVICE_FAMILY = "1,2";
				VALID_ARCHS = "arm64 armv7 armv7s";
			};
			name = Debug;
		};
		AEBA90DF1FFA21ED003EA2BA /* Release */ = {
			isa = XCBuildConfiguration;
			buildSettings = {
				CLANG_ENABLE_MODULES = YES;
				CODE_SIGN_IDENTITY = "";
				CODE_SIGN_STYLE = Manual;
				DEFINES_MODULE = YES;
				DEVELOPMENT_TEAM = "";
				DYLIB_COMPATIBILITY_VERSION = 1;
				DYLIB_CURRENT_VERSION = 1;
				DYLIB_INSTALL_NAME_BASE = "@rpath";
				FRAMEWORK_SEARCH_PATHS = "$(PROJECT_DIR)/Carthage/Build/iOS";
				HEADER_SEARCH_PATHS = "";
				INFOPLIST_FILE = "$(SRCROOT)/EthereumKit/Info.plist";
				INSTALL_PATH = "$(LOCAL_LIBRARY_DIR)/Frameworks";
				IPHONEOS_DEPLOYMENT_TARGET = 9.0;
				LD_RUNPATH_SEARCH_PATHS = "$(inherited) @executable_path/Frameworks @loader_path/Frameworks";
				LIBRARY_SEARCH_PATHS = "";
				MODULEMAP_FILE = "";
				PRODUCT_BUNDLE_IDENTIFIER = yuzushioh.EthereumKit;
				PRODUCT_NAME = "$(TARGET_NAME:c99extidentifier)";
				PROVISIONING_PROFILE_SPECIFIER = "";
				SKIP_INSTALL = YES;
				SWIFT_INCLUDE_PATHS = "";
				SWIFT_OBJC_BRIDGING_HEADER = "";
				SWIFT_VERSION = 4.2;
				TARGETED_DEVICE_FAMILY = "1,2";
				VALID_ARCHS = "arm64 armv7 armv7s";
			};
			name = Release;
		};
		AEBA91001FFA2C6A003EA2BA /* Debug */ = {
			isa = XCBuildConfiguration;
			buildSettings = {
				ALWAYS_EMBED_SWIFT_STANDARD_LIBRARIES = YES;
				ASSETCATALOG_COMPILER_APPICON_NAME = AppIcon;
				CODE_SIGN_IDENTITY = "";
				CODE_SIGN_STYLE = Manual;
				DEVELOPMENT_TEAM = "";
				FRAMEWORK_SEARCH_PATHS = (
					"$(inherited)",
					"$(PROJECT_DIR)/Carthage/Build/iOS",
				);
				INFOPLIST_FILE = Example/Info.plist;
				IPHONEOS_DEPLOYMENT_TARGET = 9.0;
				LD_RUNPATH_SEARCH_PATHS = "$(inherited) @executable_path/Frameworks";
				PRODUCT_BUNDLE_IDENTIFIER = yuzushioh.Example;
				PRODUCT_NAME = "$(TARGET_NAME)";
				PROVISIONING_PROFILE_SPECIFIER = "";
				SWIFT_VERSION = 4.2;
				TARGETED_DEVICE_FAMILY = "1,2";
			};
			name = Debug;
		};
		AEBA91011FFA2C6A003EA2BA /* Release */ = {
			isa = XCBuildConfiguration;
			buildSettings = {
				ALWAYS_EMBED_SWIFT_STANDARD_LIBRARIES = YES;
				ASSETCATALOG_COMPILER_APPICON_NAME = AppIcon;
				CODE_SIGN_IDENTITY = "";
				CODE_SIGN_STYLE = Manual;
				DEVELOPMENT_TEAM = "";
				FRAMEWORK_SEARCH_PATHS = (
					"$(inherited)",
					"$(PROJECT_DIR)/Carthage/Build/iOS",
				);
				INFOPLIST_FILE = Example/Info.plist;
				IPHONEOS_DEPLOYMENT_TARGET = 9.0;
				LD_RUNPATH_SEARCH_PATHS = "$(inherited) @executable_path/Frameworks";
				PRODUCT_BUNDLE_IDENTIFIER = yuzushioh.Example;
				PRODUCT_NAME = "$(TARGET_NAME)";
				PROVISIONING_PROFILE_SPECIFIER = "";
				SWIFT_VERSION = 4.2;
				TARGETED_DEVICE_FAMILY = "1,2";
			};
			name = Release;
		};
/* End XCBuildConfiguration section */

/* Begin XCConfigurationList section */
		AE90A07F1FFA698D005ED7AF /* Build configuration list for PBXNativeTarget "EthereumKitTests" */ = {
			isa = XCConfigurationList;
			buildConfigurations = (
				AE90A07D1FFA698D005ED7AF /* Debug */,
				AE90A07E1FFA698D005ED7AF /* Release */,
			);
			defaultConfigurationIsVisible = 0;
			defaultConfigurationName = Release;
		};
		AEBA90CF1FFA21ED003EA2BA /* Build configuration list for PBXProject "EthereumKit" */ = {
			isa = XCConfigurationList;
			buildConfigurations = (
				AEBA90DB1FFA21ED003EA2BA /* Debug */,
				AEBA90DC1FFA21ED003EA2BA /* Release */,
			);
			defaultConfigurationIsVisible = 0;
			defaultConfigurationName = Release;
		};
		AEBA90DD1FFA21ED003EA2BA /* Build configuration list for PBXNativeTarget "EthereumKit" */ = {
			isa = XCConfigurationList;
			buildConfigurations = (
				AEBA90DE1FFA21ED003EA2BA /* Debug */,
				AEBA90DF1FFA21ED003EA2BA /* Release */,
			);
			defaultConfigurationIsVisible = 0;
			defaultConfigurationName = Release;
		};
		AEBA90FF1FFA2C6A003EA2BA /* Build configuration list for PBXNativeTarget "Example" */ = {
			isa = XCConfigurationList;
			buildConfigurations = (
				AEBA91001FFA2C6A003EA2BA /* Debug */,
				AEBA91011FFA2C6A003EA2BA /* Release */,
			);
			defaultConfigurationIsVisible = 0;
			defaultConfigurationName = Release;
		};
/* End XCConfigurationList section */
	};
	rootObject = AEBA90CC1FFA21ED003EA2BA /* Project object */;
}
